// !$*UTF8*$!
{
	archiveVersion = 1;
	classes = {
	};
	objectVersion = 46;
	objects = {

/* Begin PBXBuildFile section */
		1F2C6D7819DE661300E7947D /* hallway.xml in Resources */ = {isa = PBXBuildFile; fileRef = 1F2C6D7719DE661300E7947D /* hallway.xml */; };
		1F2C6D7A19DE661E00E7947D /* testScenario.xml in Resources */ = {isa = PBXBuildFile; fileRef = 1F2C6D7919DE661E00E7947D /* testScenario.xml */; };
		1F78E50C19E0D50C007CE18A /* ._.DS_Store in Resources */ = {isa = PBXBuildFile; fileRef = 1F78E4CB19E0D50C007CE18A /* ._.DS_Store */; };
		1F78E50D19E0D50C007CE18A /* ._.svn in Resources */ = {isa = PBXBuildFile; fileRef = 1F78E4CC19E0D50C007CE18A /* ._.svn */; };
		1F78E51819E0D50C007CE18A /* CBoy0001.tif in Resources */ = {isa = PBXBuildFile; fileRef = 1F78E4D719E0D50C007CE18A /* CBoy0001.tif */; };
		1F78E51919E0D50C007CE18A /* CBoy0002.tif in Resources */ = {isa = PBXBuildFile; fileRef = 1F78E4D819E0D50C007CE18A /* CBoy0002.tif */; };
		1F78E51A19E0D50C007CE18A /* CBoy0003.tif in Resources */ = {isa = PBXBuildFile; fileRef = 1F78E4D919E0D50C007CE18A /* CBoy0003.tif */; };
		1F78E51B19E0D50C007CE18A /* CBoy0004.tif in Resources */ = {isa = PBXBuildFile; fileRef = 1F78E4DA19E0D50C007CE18A /* CBoy0004.tif */; };
		1F78E51C19E0D50C007CE18A /* CBoy0005.tif in Resources */ = {isa = PBXBuildFile; fileRef = 1F78E4DB19E0D50C007CE18A /* CBoy0005.tif */; };
		1F78E51D19E0D50C007CE18A /* CGirl0001.tif in Resources */ = {isa = PBXBuildFile; fileRef = 1F78E4DC19E0D50C007CE18A /* CGirl0001.tif */; };
		1F78E51E19E0D50C007CE18A /* CGirl0002.tif in Resources */ = {isa = PBXBuildFile; fileRef = 1F78E4DD19E0D50C007CE18A /* CGirl0002.tif */; };
		1F78E51F19E0D50C007CE18A /* CGirl0003.tif in Resources */ = {isa = PBXBuildFile; fileRef = 1F78E4DE19E0D50C007CE18A /* CGirl0003.tif */; };
		1F78E52019E0D50C007CE18A /* CWom0016.tif in Resources */ = {isa = PBXBuildFile; fileRef = 1F78E4DF19E0D50C007CE18A /* CWom0016.tif */; };
		1F78E52119E0D50C007CE18A /* CWom0017.tif in Resources */ = {isa = PBXBuildFile; fileRef = 1F78E4E019E0D50C007CE18A /* CWom0017.tif */; };
		1F78E53819E0D50C007CE18A /* boy1_Character.dae in Resources */ = {isa = PBXBuildFile; fileRef = 1F78E4FA19E0D50C007CE18A /* boy1_Character.dae */; };
		1F78E53919E0D50C007CE18A /* boy1_Talk.dae in Resources */ = {isa = PBXBuildFile; fileRef = 1F78E4FB19E0D50C007CE18A /* boy1_Talk.dae */; };
		1F78E53A19E0D50C007CE18A /* boy1_Talk.dae-e in Resources */ = {isa = PBXBuildFile; fileRef = 1F78E4FC19E0D50C007CE18A /* boy1_Talk.dae-e */; };
		1F78E53B19E0D50C007CE18A /* boy2_Character.dae in Resources */ = {isa = PBXBuildFile; fileRef = 1F78E4FE19E0D50C007CE18A /* boy2_Character.dae */; };
		1F78E53C19E0D50C007CE18A /* boy2_Grab.dae in Resources */ = {isa = PBXBuildFile; fileRef = 1F78E4FF19E0D50C007CE18A /* boy2_Grab.dae */; };
		1F78E53D19E0D50C007CE18A /* boy2_Grab.dae-e in Resources */ = {isa = PBXBuildFile; fileRef = 1F78E50019E0D50C007CE18A /* boy2_Grab.dae-e */; };
		1F78E53E19E0D50C007CE18A /* boy3_Character.dae in Resources */ = {isa = PBXBuildFile; fileRef = 1F78E50219E0D50C007CE18A /* boy3_Character.dae */; };
		1F78E53F19E0D50C007CE18A /* boy3_Run.dae in Resources */ = {isa = PBXBuildFile; fileRef = 1F78E50319E0D50C007CE18A /* boy3_Run.dae */; };
		1F78E54019E0D50C007CE18A /* boy3_Run.dae-e in Resources */ = {isa = PBXBuildFile; fileRef = 1F78E50419E0D50C007CE18A /* boy3_Run.dae-e */; };
		1F78E54219E0D50C007CE18A /* boy4_Character.dae in Resources */ = {isa = PBXBuildFile; fileRef = 1F78E50719E0D50C007CE18A /* boy4_Character.dae */; };
		1F78E54419E0D50C007CE18A /* woman16_Character.dae in Resources */ = {isa = PBXBuildFile; fileRef = 1F78E50A19E0D50C007CE18A /* woman16_Character.dae */; };
		1F78E54519E0D50C007CE18A /* woman16_Run.dae in Resources */ = {isa = PBXBuildFile; fileRef = 1F78E50B19E0D50C007CE18A /* woman16_Run.dae */; };
		1F82668119DB61C100995C95 /* ScenarioManagerBackup.swift in Sources */ = {isa = PBXBuildFile; fileRef = 1F82668019DB61C100995C95 /* ScenarioManagerBackup.swift */; };
		1F82669F19DBA86C00995C95 /* GDataXMLNode.m in Sources */ = {isa = PBXBuildFile; fileRef = 1F82669E19DBA86C00995C95 /* GDataXMLNode.m */; };
		1F86E7B41977270A005ED0DD /* AppDelegate.swift in Sources */ = {isa = PBXBuildFile; fileRef = 1F86E7B31977270A005ED0DD /* AppDelegate.swift */; };
		1F86E7B61977270A005ED0DD /* ScenarioManager.swift in Sources */ = {isa = PBXBuildFile; fileRef = 1F86E7B51977270A005ED0DD /* ScenarioManager.swift */; };
		1F86E7B91977270A005ED0DD /* Main.storyboard in Resources */ = {isa = PBXBuildFile; fileRef = 1F86E7B71977270A005ED0DD /* Main.storyboard */; };
		1F86E7BB1977270A005ED0DD /* Images.xcassets in Resources */ = {isa = PBXBuildFile; fileRef = 1F86E7BA1977270A005ED0DD /* Images.xcassets */; };
		1FCF20E1197EB64800A2AB99 /* ScriptManager.swift in Sources */ = {isa = PBXBuildFile; fileRef = 1FCF20E0197EB64800A2AB99 /* ScriptManager.swift */; };
		1FCF20E5197EB8C900A2AB99 /* StartScene.swift in Sources */ = {isa = PBXBuildFile; fileRef = 1FCF20E4197EB8C900A2AB99 /* StartScene.swift */; };
		1FCF20E7197EC2D300A2AB99 /* GUIManager.swift in Sources */ = {isa = PBXBuildFile; fileRef = 1FCF20E6197EC2D300A2AB99 /* GUIManager.swift */; };
		1FF9198119E5A5C600A1A6EF /* hexagon_back.tif in Resources */ = {isa = PBXBuildFile; fileRef = 1FF9197B19E5A5C600A1A6EF /* hexagon_back.tif */; };
		1FF9198219E5A5C600A1A6EF /* hexagon_front.tif in Resources */ = {isa = PBXBuildFile; fileRef = 1FF9197C19E5A5C600A1A6EF /* hexagon_front.tif */; };
		1FF9198319E5A5C600A1A6EF /* hexagon_left.tif in Resources */ = {isa = PBXBuildFile; fileRef = 1FF9197D19E5A5C600A1A6EF /* hexagon_left.tif */; };
		1FF9198419E5A5C600A1A6EF /* hexagon_right.tif in Resources */ = {isa = PBXBuildFile; fileRef = 1FF9197E19E5A5C600A1A6EF /* hexagon_right.tif */; };
		1FF9198519E5A5C600A1A6EF /* hexagon_top.tif in Resources */ = {isa = PBXBuildFile; fileRef = 1FF9197F19E5A5C600A1A6EF /* hexagon_top.tif */; };
		1FF9198619E5A5C600A1A6EF /* hexagon_bot.tif in Resources */ = {isa = PBXBuildFile; fileRef = 1FF9198019E5A5C600A1A6EF /* hexagon_bot.tif */; };
/* End PBXBuildFile section */

/* Begin PBXContainerItemProxy section */
		1F86E7C11977270A005ED0DD /* PBXContainerItemProxy */ = {
			isa = PBXContainerItemProxy;
			containerPortal = 1F86E7A619772709005ED0DD /* Project object */;
			proxyType = 1;
			remoteGlobalIDString = 1F86E7AD1977270A005ED0DD;
			remoteInfo = AViSSS;
		};
/* End PBXContainerItemProxy section */

/* Begin PBXFileReference section */
		1F2C6D7719DE661300E7947D /* hallway.xml */ = {isa = PBXFileReference; fileEncoding = 4; lastKnownFileType = text.xml; name = hallway.xml; path = ../../../Dropbox/AViSSS/hallway.xml; sourceTree = "<group>"; };
		1F2C6D7919DE661E00E7947D /* testScenario.xml */ = {isa = PBXFileReference; fileEncoding = 4; lastKnownFileType = text.xml; name = testScenario.xml; path = ../../../Dropbox/AViSSS/testScenario.xml; sourceTree = "<group>"; };
		1F78E4CB19E0D50C007CE18A /* ._.DS_Store */ = {isa = PBXFileReference; lastKnownFileType = file; path = ._.DS_Store; sourceTree = "<group>"; };
		1F78E4CC19E0D50C007CE18A /* ._.svn */ = {isa = PBXFileReference; lastKnownFileType = file; path = ._.svn; sourceTree = "<group>"; };
		1F78E4D719E0D50C007CE18A /* CBoy0001.tif */ = {isa = PBXFileReference; lastKnownFileType = image.tiff; path = CBoy0001.tif; sourceTree = "<group>"; };
		1F78E4D819E0D50C007CE18A /* CBoy0002.tif */ = {isa = PBXFileReference; lastKnownFileType = image.tiff; path = CBoy0002.tif; sourceTree = "<group>"; };
		1F78E4D919E0D50C007CE18A /* CBoy0003.tif */ = {isa = PBXFileReference; lastKnownFileType = image.tiff; path = CBoy0003.tif; sourceTree = "<group>"; };
		1F78E4DA19E0D50C007CE18A /* CBoy0004.tif */ = {isa = PBXFileReference; lastKnownFileType = image.tiff; path = CBoy0004.tif; sourceTree = "<group>"; };
		1F78E4DB19E0D50C007CE18A /* CBoy0005.tif */ = {isa = PBXFileReference; lastKnownFileType = image.tiff; path = CBoy0005.tif; sourceTree = "<group>"; };
		1F78E4DC19E0D50C007CE18A /* CGirl0001.tif */ = {isa = PBXFileReference; lastKnownFileType = image.tiff; path = CGirl0001.tif; sourceTree = "<group>"; };
		1F78E4DD19E0D50C007CE18A /* CGirl0002.tif */ = {isa = PBXFileReference; lastKnownFileType = image.tiff; path = CGirl0002.tif; sourceTree = "<group>"; };
		1F78E4DE19E0D50C007CE18A /* CGirl0003.tif */ = {isa = PBXFileReference; lastKnownFileType = image.tiff; path = CGirl0003.tif; sourceTree = "<group>"; };
		1F78E4DF19E0D50C007CE18A /* CWom0016.tif */ = {isa = PBXFileReference; lastKnownFileType = image.tiff; path = CWom0016.tif; sourceTree = "<group>"; };
		1F78E4E019E0D50C007CE18A /* CWom0017.tif */ = {isa = PBXFileReference; lastKnownFileType = image.tiff; path = CWom0017.tif; sourceTree = "<group>"; };
		1F78E4FA19E0D50C007CE18A /* boy1_Character.dae */ = {isa = PBXFileReference; fileEncoding = 4; lastKnownFileType = text.xml.dae; path = boy1_Character.dae; sourceTree = "<group>"; };
		1F78E4FB19E0D50C007CE18A /* boy1_Talk.dae */ = {isa = PBXFileReference; fileEncoding = 4; lastKnownFileType = text.xml.dae; path = boy1_Talk.dae; sourceTree = "<group>"; };
		1F78E4FC19E0D50C007CE18A /* boy1_Talk.dae-e */ = {isa = PBXFileReference; fileEncoding = 4; lastKnownFileType = text.xml; path = "boy1_Talk.dae-e"; sourceTree = "<group>"; };
		1F78E4FE19E0D50C007CE18A /* boy2_Character.dae */ = {isa = PBXFileReference; fileEncoding = 4; lastKnownFileType = text.xml.dae; path = boy2_Character.dae; sourceTree = "<group>"; };
		1F78E4FF19E0D50C007CE18A /* boy2_Grab.dae */ = {isa = PBXFileReference; fileEncoding = 4; lastKnownFileType = text.xml.dae; path = boy2_Grab.dae; sourceTree = "<group>"; };
		1F78E50019E0D50C007CE18A /* boy2_Grab.dae-e */ = {isa = PBXFileReference; fileEncoding = 4; lastKnownFileType = text.xml; path = "boy2_Grab.dae-e"; sourceTree = "<group>"; };
		1F78E50219E0D50C007CE18A /* boy3_Character.dae */ = {isa = PBXFileReference; fileEncoding = 4; lastKnownFileType = text.xml.dae; path = boy3_Character.dae; sourceTree = "<group>"; };
		1F78E50319E0D50C007CE18A /* boy3_Run.dae */ = {isa = PBXFileReference; fileEncoding = 4; lastKnownFileType = text.xml.dae; path = boy3_Run.dae; sourceTree = "<group>"; };
		1F78E50419E0D50C007CE18A /* boy3_Run.dae-e */ = {isa = PBXFileReference; fileEncoding = 4; lastKnownFileType = text.xml; path = "boy3_Run.dae-e"; sourceTree = "<group>"; };
		1F78E50719E0D50C007CE18A /* boy4_Character.dae */ = {isa = PBXFileReference; fileEncoding = 4; lastKnownFileType = text.xml.dae; path = boy4_Character.dae; sourceTree = "<group>"; };
		1F78E50A19E0D50C007CE18A /* woman16_Character.dae */ = {isa = PBXFileReference; fileEncoding = 4; lastKnownFileType = text.xml.dae; path = woman16_Character.dae; sourceTree = "<group>"; };
		1F78E50B19E0D50C007CE18A /* woman16_Run.dae */ = {isa = PBXFileReference; fileEncoding = 4; lastKnownFileType = text.xml.dae; path = woman16_Run.dae; sourceTree = "<group>"; };
		1F82668019DB61C100995C95 /* ScenarioManagerBackup.swift */ = {isa = PBXFileReference; fileEncoding = 4; lastKnownFileType = sourcecode.swift; path = ScenarioManagerBackup.swift; sourceTree = "<group>"; };
		1F82669D19DBA86B00995C95 /* AViSSS-Bridging-Header.h */ = {isa = PBXFileReference; lastKnownFileType = sourcecode.c.h; path = "AViSSS-Bridging-Header.h"; sourceTree = "<group>"; };
		1F82669E19DBA86C00995C95 /* GDataXMLNode.m */ = {isa = PBXFileReference; fileEncoding = 4; lastKnownFileType = sourcecode.c.objc; path = GDataXMLNode.m; sourceTree = "<group>"; };
		1F8266A019DBA87B00995C95 /* GDataXMLNode.h */ = {isa = PBXFileReference; lastKnownFileType = sourcecode.c.h; path = GDataXMLNode.h; sourceTree = "<group>"; };
		1F86E7AE1977270A005ED0DD /* AViSSS.app */ = {isa = PBXFileReference; explicitFileType = wrapper.application; includeInIndex = 0; path = AViSSS.app; sourceTree = BUILT_PRODUCTS_DIR; };
		1F86E7B21977270A005ED0DD /* Info.plist */ = {isa = PBXFileReference; lastKnownFileType = text.plist.xml; path = Info.plist; sourceTree = "<group>"; };
		1F86E7B31977270A005ED0DD /* AppDelegate.swift */ = {isa = PBXFileReference; lastKnownFileType = sourcecode.swift; path = AppDelegate.swift; sourceTree = "<group>"; };
		1F86E7B51977270A005ED0DD /* ScenarioManager.swift */ = {isa = PBXFileReference; lastKnownFileType = sourcecode.swift; path = ScenarioManager.swift; sourceTree = "<group>"; };
		1F86E7B81977270A005ED0DD /* Base */ = {isa = PBXFileReference; lastKnownFileType = file.storyboard; name = Base; path = Base.lproj/Main.storyboard; sourceTree = "<group>"; };
		1F86E7BA1977270A005ED0DD /* Images.xcassets */ = {isa = PBXFileReference; lastKnownFileType = folder.assetcatalog; path = Images.xcassets; sourceTree = "<group>"; };
		1F86E7C01977270A005ED0DD /* AViSSSTests.xctest */ = {isa = PBXFileReference; explicitFileType = wrapper.cfbundle; includeInIndex = 0; path = AViSSSTests.xctest; sourceTree = BUILT_PRODUCTS_DIR; };
		1FCF20E0197EB64800A2AB99 /* ScriptManager.swift */ = {isa = PBXFileReference; fileEncoding = 4; lastKnownFileType = sourcecode.swift; path = ScriptManager.swift; sourceTree = "<group>"; };
		1FCF20E4197EB8C900A2AB99 /* StartScene.swift */ = {isa = PBXFileReference; fileEncoding = 4; lastKnownFileType = sourcecode.swift; path = StartScene.swift; sourceTree = "<group>"; };
		1FCF20E6197EC2D300A2AB99 /* GUIManager.swift */ = {isa = PBXFileReference; fileEncoding = 4; lastKnownFileType = sourcecode.swift; path = GUIManager.swift; sourceTree = "<group>"; };
		1FF9197B19E5A5C600A1A6EF /* hexagon_back.tif */ = {isa = PBXFileReference; lastKnownFileType = image.tiff; path = hexagon_back.tif; sourceTree = "<group>"; };
		1FF9197C19E5A5C600A1A6EF /* hexagon_front.tif */ = {isa = PBXFileReference; lastKnownFileType = image.tiff; path = hexagon_front.tif; sourceTree = "<group>"; };
		1FF9197D19E5A5C600A1A6EF /* hexagon_left.tif */ = {isa = PBXFileReference; lastKnownFileType = image.tiff; path = hexagon_left.tif; sourceTree = "<group>"; };
		1FF9197E19E5A5C600A1A6EF /* hexagon_right.tif */ = {isa = PBXFileReference; lastKnownFileType = image.tiff; path = hexagon_right.tif; sourceTree = "<group>"; };
		1FF9197F19E5A5C600A1A6EF /* hexagon_top.tif */ = {isa = PBXFileReference; lastKnownFileType = image.tiff; path = hexagon_top.tif; sourceTree = "<group>"; };
		1FF9198019E5A5C600A1A6EF /* hexagon_bot.tif */ = {isa = PBXFileReference; lastKnownFileType = image.tiff; path = hexagon_bot.tif; sourceTree = "<group>"; };
/* End PBXFileReference section */

/* Begin PBXFrameworksBuildPhase section */
		1F86E7AB1977270A005ED0DD /* Frameworks */ = {
			isa = PBXFrameworksBuildPhase;
			buildActionMask = 2147483647;
			files = (
			);
			runOnlyForDeploymentPostprocessing = 0;
		};
		1F86E7BD1977270A005ED0DD /* Frameworks */ = {
			isa = PBXFrameworksBuildPhase;
			buildActionMask = 2147483647;
			files = (
			);
			runOnlyForDeploymentPostprocessing = 0;
		};
/* End PBXFrameworksBuildPhase section */

/* Begin PBXGroup section */
		1F78E4C919E0D50C007CE18A /* Images */ = {
			isa = PBXGroup;
			children = (
				1FF9197A19E5A5C600A1A6EF /* MountainLake */,
				1F78E4CA19E0D50C007CE18A /* images-Hi */,
			);
			path = Images;
			sourceTree = "<group>";
		};
		1F78E4CA19E0D50C007CE18A /* images-Hi */ = {
			isa = PBXGroup;
			children = (
				1F78E4CB19E0D50C007CE18A /* ._.DS_Store */,
				1F78E4CC19E0D50C007CE18A /* ._.svn */,
				1F78E4D719E0D50C007CE18A /* CBoy0001.tif */,
				1F78E4D819E0D50C007CE18A /* CBoy0002.tif */,
				1F78E4D919E0D50C007CE18A /* CBoy0003.tif */,
				1F78E4DA19E0D50C007CE18A /* CBoy0004.tif */,
				1F78E4DB19E0D50C007CE18A /* CBoy0005.tif */,
				1F78E4DC19E0D50C007CE18A /* CGirl0001.tif */,
				1F78E4DD19E0D50C007CE18A /* CGirl0002.tif */,
				1F78E4DE19E0D50C007CE18A /* CGirl0003.tif */,
				1F78E4DF19E0D50C007CE18A /* CWom0016.tif */,
				1F78E4E019E0D50C007CE18A /* CWom0017.tif */,
			);
			path = "images-Hi";
			sourceTree = "<group>";
		};
		1F78E4F819E0D50C007CE18A /* Model_DAE */ = {
			isa = PBXGroup;
			children = (
				1F78E4F919E0D50C007CE18A /* boy1 */,
				1F78E4FD19E0D50C007CE18A /* boy2 */,
				1F78E50119E0D50C007CE18A /* boy3 */,
				1F78E50619E0D50C007CE18A /* boy4 */,
				1F78E50919E0D50C007CE18A /* woman16 */,
			);
			path = Model_DAE;
			sourceTree = "<group>";
		};
		1F78E4F919E0D50C007CE18A /* boy1 */ = {
			isa = PBXGroup;
			children = (
				1F78E4FA19E0D50C007CE18A /* boy1_Character.dae */,
				1F78E4FB19E0D50C007CE18A /* boy1_Talk.dae */,
				1F78E4FC19E0D50C007CE18A /* boy1_Talk.dae-e */,
			);
			path = boy1;
			sourceTree = "<group>";
		};
		1F78E4FD19E0D50C007CE18A /* boy2 */ = {
			isa = PBXGroup;
			children = (
				1F78E4FE19E0D50C007CE18A /* boy2_Character.dae */,
				1F78E4FF19E0D50C007CE18A /* boy2_Grab.dae */,
				1F78E50019E0D50C007CE18A /* boy2_Grab.dae-e */,
			);
			path = boy2;
			sourceTree = "<group>";
		};
		1F78E50119E0D50C007CE18A /* boy3 */ = {
			isa = PBXGroup;
			children = (
				1F78E50219E0D50C007CE18A /* boy3_Character.dae */,
				1F78E50319E0D50C007CE18A /* boy3_Run.dae */,
				1F78E50419E0D50C007CE18A /* boy3_Run.dae-e */,
			);
			path = boy3;
			sourceTree = "<group>";
		};
		1F78E50619E0D50C007CE18A /* boy4 */ = {
			isa = PBXGroup;
			children = (
				1F78E50719E0D50C007CE18A /* boy4_Character.dae */,
			);
			path = boy4;
			sourceTree = "<group>";
		};
		1F78E50919E0D50C007CE18A /* woman16 */ = {
			isa = PBXGroup;
			children = (
				1F78E50A19E0D50C007CE18A /* woman16_Character.dae */,
				1F78E50B19E0D50C007CE18A /* woman16_Run.dae */,
			);
			path = woman16;
			sourceTree = "<group>";
		};
		1F82668319DB8A7600995C95 /* XMLSupport */ = {
			isa = PBXGroup;
			children = (
				1F8266A019DBA87B00995C95 /* GDataXMLNode.h */,
				1F82669E19DBA86C00995C95 /* GDataXMLNode.m */,
				1F82669D19DBA86B00995C95 /* AViSSS-Bridging-Header.h */,
			);
			path = XMLSupport;
			sourceTree = SOURCE_ROOT;
		};
		1F82668F19DB94FA00995C95 /* Scripts */ = {
			isa = PBXGroup;
			children = (
				1F2C6D7919DE661E00E7947D /* testScenario.xml */,
				1F2C6D7719DE661300E7947D /* hallway.xml */,
			);
			name = Scripts;
			sourceTree = "<group>";
		};
		1F86E7A519772709005ED0DD = {
			isa = PBXGroup;
			children = (
				1F86E7B01977270A005ED0DD /* AViSSS */,
				1F86E7AF1977270A005ED0DD /* Products */,
			);
			sourceTree = "<group>";
		};
		1F86E7AF1977270A005ED0DD /* Products */ = {
			isa = PBXGroup;
			children = (
				1F86E7AE1977270A005ED0DD /* AViSSS.app */,
				1F86E7C01977270A005ED0DD /* AViSSSTests.xctest */,
			);
			name = Products;
			sourceTree = "<group>";
		};
		1F86E7B01977270A005ED0DD /* AViSSS */ = {
			isa = PBXGroup;
			children = (
				1F78E4C919E0D50C007CE18A /* Images */,
				1F78E4F819E0D50C007CE18A /* Model_DAE */,
				1F82668F19DB94FA00995C95 /* Scripts */,
				1F82668319DB8A7600995C95 /* XMLSupport */,
				1F86E7B31977270A005ED0DD /* AppDelegate.swift */,
				1F86E7B71977270A005ED0DD /* Main.storyboard */,
				1F86E7BA1977270A005ED0DD /* Images.xcassets */,
				1F86E7B11977270A005ED0DD /* Supporting Files */,
				1F86E7B51977270A005ED0DD /* ScenarioManager.swift */,
				1FCF20E0197EB64800A2AB99 /* ScriptManager.swift */,
				1FCF20E4197EB8C900A2AB99 /* StartScene.swift */,
				1FCF20E6197EC2D300A2AB99 /* GUIManager.swift */,
			);
			path = AViSSS;
			sourceTree = "<group>";
		};
		1F86E7B11977270A005ED0DD /* Supporting Files */ = {
			isa = PBXGroup;
			children = (
				1F86E7B21977270A005ED0DD /* Info.plist */,
				1F82668019DB61C100995C95 /* ScenarioManagerBackup.swift */,
			);
			name = "Supporting Files";
			sourceTree = "<group>";
		};
		1FF9197A19E5A5C600A1A6EF /* MountainLake */ = {
			isa = PBXGroup;
			children = (
				1FF9197B19E5A5C600A1A6EF /* hexagon_back.tif */,
				1FF9197C19E5A5C600A1A6EF /* hexagon_front.tif */,
				1FF9197D19E5A5C600A1A6EF /* hexagon_left.tif */,
				1FF9197E19E5A5C600A1A6EF /* hexagon_right.tif */,
				1FF9197F19E5A5C600A1A6EF /* hexagon_top.tif */,
				1FF9198019E5A5C600A1A6EF /* hexagon_bot.tif */,
			);
			path = MountainLake;
			sourceTree = "<group>";
		};
/* End PBXGroup section */

/* Begin PBXNativeTarget section */
		1F86E7AD1977270A005ED0DD /* AViSSS */ = {
			isa = PBXNativeTarget;
			buildConfigurationList = 1F86E7CA1977270A005ED0DD /* Build configuration list for PBXNativeTarget "AViSSS" */;
			buildPhases = (
				1F86E7AA1977270A005ED0DD /* Sources */,
				1F86E7AB1977270A005ED0DD /* Frameworks */,
				1F86E7AC1977270A005ED0DD /* Resources */,
			);
			buildRules = (
			);
			dependencies = (
			);
			name = AViSSS;
			productName = AViSSS;
			productReference = 1F86E7AE1977270A005ED0DD /* AViSSS.app */;
			productType = "com.apple.product-type.application";
		};
		1F86E7BF1977270A005ED0DD /* AViSSSTests */ = {
			isa = PBXNativeTarget;
			buildConfigurationList = 1F86E7CD1977270A005ED0DD /* Build configuration list for PBXNativeTarget "AViSSSTests" */;
			buildPhases = (
				1F86E7BC1977270A005ED0DD /* Sources */,
				1F86E7BD1977270A005ED0DD /* Frameworks */,
				1F86E7BE1977270A005ED0DD /* Resources */,
			);
			buildRules = (
			);
			dependencies = (
				1F86E7C21977270A005ED0DD /* PBXTargetDependency */,
			);
			name = AViSSSTests;
			productName = AViSSSTests;
			productReference = 1F86E7C01977270A005ED0DD /* AViSSSTests.xctest */;
			productType = "com.apple.product-type.bundle.unit-test";
		};
/* End PBXNativeTarget section */

/* Begin PBXProject section */
		1F86E7A619772709005ED0DD /* Project object */ = {
			isa = PBXProject;
			attributes = {
				LastUpgradeCheck = 0600;
				ORGANIZATIONNAME = wirsing.app;
				TargetAttributes = {
					1F86E7AD1977270A005ED0DD = {
						CreatedOnToolsVersion = 6.0;
					};
					1F86E7BF1977270A005ED0DD = {
						CreatedOnToolsVersion = 6.0;
						TestTargetID = 1F86E7AD1977270A005ED0DD;
					};
				};
			};
			buildConfigurationList = 1F86E7A919772709005ED0DD /* Build configuration list for PBXProject "AViSSS" */;
			compatibilityVersion = "Xcode 3.2";
			developmentRegion = English;
			hasScannedForEncodings = 0;
			knownRegions = (
				en,
				Base,
			);
			mainGroup = 1F86E7A519772709005ED0DD;
			productRefGroup = 1F86E7AF1977270A005ED0DD /* Products */;
			projectDirPath = "";
			projectRoot = "";
			targets = (
				1F86E7AD1977270A005ED0DD /* AViSSS */,
				1F86E7BF1977270A005ED0DD /* AViSSSTests */,
			);
		};
/* End PBXProject section */

/* Begin PBXResourcesBuildPhase section */
		1F86E7AC1977270A005ED0DD /* Resources */ = {
			isa = PBXResourcesBuildPhase;
			buildActionMask = 2147483647;
			files = (
				1F78E54219E0D50C007CE18A /* boy4_Character.dae in Resources */,
				1F78E51919E0D50C007CE18A /* CBoy0002.tif in Resources */,
				1F78E51F19E0D50C007CE18A /* CGirl0003.tif in Resources */,
				1F78E51B19E0D50C007CE18A /* CBoy0004.tif in Resources */,
				1F78E53819E0D50C007CE18A /* boy1_Character.dae in Resources */,
				1FF9198319E5A5C600A1A6EF /* hexagon_left.tif in Resources */,
				1FF9198519E5A5C600A1A6EF /* hexagon_top.tif in Resources */,
				1F78E52119E0D50C007CE18A /* CWom0017.tif in Resources */,
				1F78E54519E0D50C007CE18A /* woman16_Run.dae in Resources */,
				1F78E52019E0D50C007CE18A /* CWom0016.tif in Resources */,
				1FF9198419E5A5C600A1A6EF /* hexagon_right.tif in Resources */,
				1F78E53B19E0D50C007CE18A /* boy2_Character.dae in Resources */,
				1F86E7B91977270A005ED0DD /* Main.storyboard in Resources */,
				1F86E7BB1977270A005ED0DD /* Images.xcassets in Resources */,
				1F78E51A19E0D50C007CE18A /* CBoy0003.tif in Resources */,
				1F78E51D19E0D50C007CE18A /* CGirl0001.tif in Resources */,
				1F78E53C19E0D50C007CE18A /* boy2_Grab.dae in Resources */,
				1F78E51C19E0D50C007CE18A /* CBoy0005.tif in Resources */,
				1F78E53E19E0D50C007CE18A /* boy3_Character.dae in Resources */,
				1F78E51E19E0D50C007CE18A /* CGirl0002.tif in Resources */,
				1F78E54019E0D50C007CE18A /* boy3_Run.dae-e in Resources */,
				1F78E50D19E0D50C007CE18A /* ._.svn in Resources */,
				1F78E51819E0D50C007CE18A /* CBoy0001.tif in Resources */,
				1F2C6D7A19DE661E00E7947D /* testScenario.xml in Resources */,
				1F78E53A19E0D50C007CE18A /* boy1_Talk.dae-e in Resources */,
				1F78E53D19E0D50C007CE18A /* boy2_Grab.dae-e in Resources */,
				1F78E50C19E0D50C007CE18A /* ._.DS_Store in Resources */,
				1FF9198119E5A5C600A1A6EF /* hexagon_back.tif in Resources */,
				1F78E53F19E0D50C007CE18A /* boy3_Run.dae in Resources */,
				1FF9198619E5A5C600A1A6EF /* hexagon_bot.tif in Resources */,
				1F78E54419E0D50C007CE18A /* woman16_Character.dae in Resources */,
				1F2C6D7819DE661300E7947D /* hallway.xml in Resources */,
				1FF9198219E5A5C600A1A6EF /* hexagon_front.tif in Resources */,
				1F78E53919E0D50C007CE18A /* boy1_Talk.dae in Resources */,
			);
			runOnlyForDeploymentPostprocessing = 0;
		};
		1F86E7BE1977270A005ED0DD /* Resources */ = {
			isa = PBXResourcesBuildPhase;
			buildActionMask = 2147483647;
			files = (
			);
			runOnlyForDeploymentPostprocessing = 0;
		};
/* End PBXResourcesBuildPhase section */

/* Begin PBXSourcesBuildPhase section */
		1F86E7AA1977270A005ED0DD /* Sources */ = {
			isa = PBXSourcesBuildPhase;
			buildActionMask = 2147483647;
			files = (
				1F86E7B61977270A005ED0DD /* ScenarioManager.swift in Sources */,
				1F82669F19DBA86C00995C95 /* GDataXMLNode.m in Sources */,
				1F82668119DB61C100995C95 /* ScenarioManagerBackup.swift in Sources */,
				1F86E7B41977270A005ED0DD /* AppDelegate.swift in Sources */,
				1FCF20E1197EB64800A2AB99 /* ScriptManager.swift in Sources */,
				1FCF20E7197EC2D300A2AB99 /* GUIManager.swift in Sources */,
				1FCF20E5197EB8C900A2AB99 /* StartScene.swift in Sources */,
			);
			runOnlyForDeploymentPostprocessing = 0;
		};
		1F86E7BC1977270A005ED0DD /* Sources */ = {
			isa = PBXSourcesBuildPhase;
			buildActionMask = 2147483647;
			files = (
			);
			runOnlyForDeploymentPostprocessing = 0;
		};
/* End PBXSourcesBuildPhase section */

/* Begin PBXTargetDependency section */
		1F86E7C21977270A005ED0DD /* PBXTargetDependency */ = {
			isa = PBXTargetDependency;
			target = 1F86E7AD1977270A005ED0DD /* AViSSS */;
			targetProxy = 1F86E7C11977270A005ED0DD /* PBXContainerItemProxy */;
		};
/* End PBXTargetDependency section */

/* Begin PBXVariantGroup section */
		1F86E7B71977270A005ED0DD /* Main.storyboard */ = {
			isa = PBXVariantGroup;
			children = (
				1F86E7B81977270A005ED0DD /* Base */,
			);
			name = Main.storyboard;
			sourceTree = "<group>";
		};
/* End PBXVariantGroup section */

/* Begin XCBuildConfiguration section */
		1F86E7C81977270A005ED0DD /* Debug */ = {
			isa = XCBuildConfiguration;
			buildSettings = {
				ALWAYS_SEARCH_USER_PATHS = YES;
				CLANG_CXX_LANGUAGE_STANDARD = "gnu++0x";
				CLANG_CXX_LIBRARY = "libc++";
				CLANG_ENABLE_MODULES = YES;
				CLANG_ENABLE_OBJC_ARC = YES;
				CLANG_WARN_BOOL_CONVERSION = YES;
				CLANG_WARN_CONSTANT_CONVERSION = YES;
				CLANG_WARN_DIRECT_OBJC_ISA_USAGE = YES_ERROR;
				CLANG_WARN_EMPTY_BODY = YES;
				CLANG_WARN_ENUM_CONVERSION = YES;
				CLANG_WARN_INT_CONVERSION = YES;
				CLANG_WARN_OBJC_ROOT_CLASS = YES_ERROR;
				CLANG_WARN_UNREACHABLE_CODE = YES;
				CLANG_WARN__DUPLICATE_METHOD_MATCH = YES;
				"CODE_SIGN_IDENTITY[sdk=iphoneos*]" = "iPhone Developer";
				COPY_PHASE_STRIP = NO;
				ENABLE_STRICT_OBJC_MSGSEND = YES;
				GCC_C_LANGUAGE_STANDARD = gnu99;
				GCC_DYNAMIC_NO_PIC = NO;
				GCC_OPTIMIZATION_LEVEL = 0;
				GCC_PREPROCESSOR_DEFINITIONS = (
					"DEBUG=1",
					"$(inherited)",
				);
				GCC_SYMBOLS_PRIVATE_EXTERN = NO;
				GCC_WARN_64_TO_32_BIT_CONVERSION = YES;
				GCC_WARN_ABOUT_RETURN_TYPE = YES_ERROR;
				GCC_WARN_UNDECLARED_SELECTOR = YES;
				GCC_WARN_UNINITIALIZED_AUTOS = YES_AGGRESSIVE;
				GCC_WARN_UNUSED_FUNCTION = YES;
				GCC_WARN_UNUSED_VARIABLE = YES;
				IPHONEOS_DEPLOYMENT_TARGET = 8.0;
				METAL_ENABLE_DEBUG_INFO = YES;
				ONLY_ACTIVE_ARCH = YES;
				SDKROOT = iphoneos;
				SWIFT_INSTALL_OBJC_HEADER = YES;
				SWIFT_OBJC_BRIDGING_HEADER = "/Users/jeff/Desktop/AViSSS/XMLSupport/AViSSS-Bridging-Header.h";
				SWIFT_OPTIMIZATION_LEVEL = "-Onone";
				TARGETED_DEVICE_FAMILY = 2;
			};
			name = Debug;
		};
		1F86E7C91977270A005ED0DD /* Release */ = {
			isa = XCBuildConfiguration;
			buildSettings = {
				ALWAYS_SEARCH_USER_PATHS = YES;
				CLANG_CXX_LANGUAGE_STANDARD = "gnu++0x";
				CLANG_CXX_LIBRARY = "libc++";
				CLANG_ENABLE_MODULES = YES;
				CLANG_ENABLE_OBJC_ARC = YES;
				CLANG_WARN_BOOL_CONVERSION = YES;
				CLANG_WARN_CONSTANT_CONVERSION = YES;
				CLANG_WARN_DIRECT_OBJC_ISA_USAGE = YES_ERROR;
				CLANG_WARN_EMPTY_BODY = YES;
				CLANG_WARN_ENUM_CONVERSION = YES;
				CLANG_WARN_INT_CONVERSION = YES;
				CLANG_WARN_OBJC_ROOT_CLASS = YES_ERROR;
				CLANG_WARN_UNREACHABLE_CODE = YES;
				CLANG_WARN__DUPLICATE_METHOD_MATCH = YES;
				"CODE_SIGN_IDENTITY[sdk=iphoneos*]" = "iPhone Developer";
				COPY_PHASE_STRIP = YES;
				ENABLE_NS_ASSERTIONS = NO;
				ENABLE_STRICT_OBJC_MSGSEND = YES;
				GCC_C_LANGUAGE_STANDARD = gnu99;
				GCC_WARN_64_TO_32_BIT_CONVERSION = YES;
				GCC_WARN_ABOUT_RETURN_TYPE = YES_ERROR;
				GCC_WARN_UNDECLARED_SELECTOR = YES;
				GCC_WARN_UNINITIALIZED_AUTOS = YES_AGGRESSIVE;
				GCC_WARN_UNUSED_FUNCTION = YES;
				GCC_WARN_UNUSED_VARIABLE = YES;
				IPHONEOS_DEPLOYMENT_TARGET = 8.0;
				METAL_ENABLE_DEBUG_INFO = NO;
				SDKROOT = iphoneos;
				SWIFT_INSTALL_OBJC_HEADER = YES;
				SWIFT_OBJC_BRIDGING_HEADER = "/Users/jeff/Desktop/AViSSS/XMLSupport/AViSSS-Bridging-Header.h";
				TARGETED_DEVICE_FAMILY = 2;
				VALIDATE_PRODUCT = YES;
			};
			name = Release;
		};
		1F86E7CB1977270A005ED0DD /* Debug */ = {
			isa = XCBuildConfiguration;
			buildSettings = {
				ASSETCATALOG_COMPILER_APPICON_NAME = AppIcon;
				ASSETCATALOG_COMPILER_LAUNCHIMAGE_NAME = LaunchImage;
				CLANG_ENABLE_MODULES = YES;
				DEFINES_MODULE = YES;
				HEADER_SEARCH_PATHS = (
					"$(inherited)",
					"/Applications/Xcode-Beta.app/Contents/Developer/Toolchains/XcodeDefault.xctoolchain/usr/include",
					/usr/include/libxml2,
				);
				INFOPLIST_FILE = AViSSS/Info.plist;
				LD_RUNPATH_SEARCH_PATHS = "$(inherited) @executable_path/Frameworks";
				ONLY_ACTIVE_ARCH = NO;
				OTHER_LDFLAGS = "-lxml2";
				PRODUCT_NAME = AViSSS;
				SWIFT_INSTALL_OBJC_HEADER = YES;
				SWIFT_OBJC_BRIDGING_HEADER = "XMLSupport/AViSSS-Bridging-Header.h";
				SWIFT_OPTIMIZATION_LEVEL = "-Onone";
			};
			name = Debug;
		};
		1F86E7CC1977270A005ED0DD /* Release */ = {
			isa = XCBuildConfiguration;
			buildSettings = {
				ASSETCATALOG_COMPILER_APPICON_NAME = AppIcon;
				ASSETCATALOG_COMPILER_LAUNCHIMAGE_NAME = LaunchImage;
				CLANG_ENABLE_MODULES = YES;
				DEFINES_MODULE = YES;
				HEADER_SEARCH_PATHS = (
					"$(inherited)",
					"/Applications/Xcode-Beta.app/Contents/Developer/Toolchains/XcodeDefault.xctoolchain/usr/include",
					/usr/include/libxml2,
				);
				INFOPLIST_FILE = AViSSS/Info.plist;
				LD_RUNPATH_SEARCH_PATHS = "$(inherited) @executable_path/Frameworks";
				ONLY_ACTIVE_ARCH = NO;
				OTHER_LDFLAGS = "-lxml2";
				PRODUCT_NAME = AViSSS;
				SWIFT_INSTALL_OBJC_HEADER = YES;
				SWIFT_OBJC_BRIDGING_HEADER = "XMLSupport/AViSSS-Bridging-Header.h";
			};
			name = Release;
		};
		1F86E7CE1977270A005ED0DD /* Debug */ = {
			isa = XCBuildConfiguration;
			buildSettings = {
				BUNDLE_LOADER = "$(BUILT_PRODUCTS_DIR)/AViSSS.app/AViSSS";
				FRAMEWORK_SEARCH_PATHS = (
					"$(SDKROOT)/Developer/Library/Frameworks",
					"$(inherited)",
				);
				GCC_PREPROCESSOR_DEFINITIONS = (
					"DEBUG=1",
					"$(inherited)",
				);
				INFOPLIST_FILE = AViSSSTests/Info.plist;
				LD_RUNPATH_SEARCH_PATHS = "$(inherited) @executable_path/Frameworks @loader_path/Frameworks";
				METAL_ENABLE_DEBUG_INFO = YES;
				PRODUCT_NAME = AViSSSTests;
				TEST_HOST = "$(BUNDLE_LOADER)";
			};
			name = Debug;
		};
		1F86E7CF1977270A005ED0DD /* Release */ = {
			isa = XCBuildConfiguration;
			buildSettings = {
				BUNDLE_LOADER = "$(BUILT_PRODUCTS_DIR)/AViSSS.app/AViSSS";
				FRAMEWORK_SEARCH_PATHS = (
					"$(SDKROOT)/Developer/Library/Frameworks",
					"$(inherited)",
				);
				INFOPLIST_FILE = AViSSSTests/Info.plist;
				LD_RUNPATH_SEARCH_PATHS = "$(inherited) @executable_path/Frameworks @loader_path/Frameworks";
				METAL_ENABLE_DEBUG_INFO = NO;
				PRODUCT_NAME = AViSSSTests;
				TEST_HOST = "$(BUNDLE_LOADER)";
			};
			name = Release;
		};
/* End XCBuildConfiguration section */

/* Begin XCConfigurationList section */
		1F86E7A919772709005ED0DD /* Build configuration list for PBXProject "AViSSS" */ = {
			isa = XCConfigurationList;
			buildConfigurations = (
				1F86E7C81977270A005ED0DD /* Debug */,
				1F86E7C91977270A005ED0DD /* Release */,
			);
			defaultConfigurationIsVisible = 0;
			defaultConfigurationName = Release;
		};
		1F86E7CA1977270A005ED0DD /* Build configuration list for PBXNativeTarget "AViSSS" */ = {
			isa = XCConfigurationList;
			buildConfigurations = (
				1F86E7CB1977270A005ED0DD /* Debug */,
				1F86E7CC1977270A005ED0DD /* Release */,
			);
			defaultConfigurationIsVisible = 0;
			defaultConfigurationName = Release;
		};
		1F86E7CD1977270A005ED0DD /* Build configuration list for PBXNativeTarget "AViSSSTests" */ = {
			isa = XCConfigurationList;
			buildConfigurations = (
				1F86E7CE1977270A005ED0DD /* Debug */,
				1F86E7CF1977270A005ED0DD /* Release */,
			);
			defaultConfigurationIsVisible = 0;
			defaultConfigurationName = Release;
		};
/* End XCConfigurationList section */
	};
	rootObject = 1F86E7A619772709005ED0DD /* Project object */;
}
