// !$*UTF8*$!
{
	archiveVersion = 1;
	classes = {
	};
	objectVersion = 46;
	objects = {

/* Begin PBXBuildFile section */
		1F1E789B1986B67400C8760B /* boy2_smile_baked.dae in Resources */ = {isa = PBXBuildFile; fileRef = 1F1E789A1986B67400C8760B /* boy2_smile_baked.dae */; };
		1F1E789D1986CDA300C8760B /* boxTest.dae in Resources */ = {isa = PBXBuildFile; fileRef = 1F1E789C1986CDA300C8760B /* boxTest.dae */; };
		1F1E789F1986FE4C00C8760B /* boy2_skinned.dae in Resources */ = {isa = PBXBuildFile; fileRef = 1F1E789E1986FE4C00C8760B /* boy2_skinned.dae */; };
		1F47DD17198B267300AB8B53 /* floor.jpg in Resources */ = {isa = PBXBuildFile; fileRef = 1F47DD16198B267300AB8B53 /* floor.jpg */; };
		1F60696619833093001F5081 /* boy2_run.dae in Resources */ = {isa = PBXBuildFile; fileRef = 1F60696519833093001F5081 /* boy2_run.dae */; };
		1F606968198330D4001F5081 /* idle.dae in Resources */ = {isa = PBXBuildFile; fileRef = 1F606967198330D4001F5081 /* idle.dae */; };
		1F60698E1986A8E0001F5081 /* boy2_all.dae in Resources */ = {isa = PBXBuildFile; fileRef = 1F60698D1986A8E0001F5081 /* boy2_all.dae */; };
		1F694ED51990713A00419606 /* lockerwall.png in Resources */ = {isa = PBXBuildFile; fileRef = 1F694ED41990713A00419606 /* lockerwall.png */; };
		1F860AF5199E75270055CEEE /* morphExample.dae in Resources */ = {isa = PBXBuildFile; fileRef = 1F860AF4199E75270055CEEE /* morphExample.dae */; };
		1F86E7B41977270A005ED0DD /* AppDelegate.swift in Sources */ = {isa = PBXBuildFile; fileRef = 1F86E7B31977270A005ED0DD /* AppDelegate.swift */; };
		1F86E7B61977270A005ED0DD /* GameViewController.swift in Sources */ = {isa = PBXBuildFile; fileRef = 1F86E7B51977270A005ED0DD /* GameViewController.swift */; };
		1F86E7B91977270A005ED0DD /* Main.storyboard in Resources */ = {isa = PBXBuildFile; fileRef = 1F86E7B71977270A005ED0DD /* Main.storyboard */; };
		1F86E7BB1977270A005ED0DD /* Images.xcassets in Resources */ = {isa = PBXBuildFile; fileRef = 1F86E7BA1977270A005ED0DD /* Images.xcassets */; };
		1F86E7C71977270A005ED0DD /* AViSSSTests.swift in Sources */ = {isa = PBXBuildFile; fileRef = 1F86E7C61977270A005ED0DD /* AViSSSTests.swift */; };
		1F8F3461198C3FDC0000B26B /* CBoy0002.tif in Resources */ = {isa = PBXBuildFile; fileRef = 1F8F3460198C3FDC0000B26B /* CBoy0002.tif */; };
		1F8F3463198C42C60000B26B /* CBoy0002.tif.001.tif in Resources */ = {isa = PBXBuildFile; fileRef = 1F8F3462198C42C60000B26B /* CBoy0002.tif.001.tif */; };
		1F8F3465198C55E30000B26B /* boy2_run_SA.dae in Resources */ = {isa = PBXBuildFile; fileRef = 1F8F3464198C55E30000B26B /* boy2_run_SA.dae */; };
		1FA57A90199BE67900CE86AF /* foldingMap.dae in Resources */ = {isa = PBXBuildFile; fileRef = 1FA57A8F199BE67900CE86AF /* foldingMap.dae */; };
		1FCF20E1197EB64800A2AB99 /* ScriptManager.swift in Sources */ = {isa = PBXBuildFile; fileRef = 1FCF20E0197EB64800A2AB99 /* ScriptManager.swift */; };
		1FCF20E3197EB67500A2AB99 /* ScenarioManager.swift in Sources */ = {isa = PBXBuildFile; fileRef = 1FCF20E2197EB67500A2AB99 /* ScenarioManager.swift */; };
		1FCF20E5197EB8C900A2AB99 /* StartScene.swift in Sources */ = {isa = PBXBuildFile; fileRef = 1FCF20E4197EB8C900A2AB99 /* StartScene.swift */; };
		1FCF20E7197EC2D300A2AB99 /* GUIManager.swift in Sources */ = {isa = PBXBuildFile; fileRef = 1FCF20E6197EC2D300A2AB99 /* GUIManager.swift */; };
		1FCF20EE19832DB300A2AB99 /* boy2_smile.dae in Resources */ = {isa = PBXBuildFile; fileRef = 1FCF20ED19832DB300A2AB99 /* boy2_smile.dae */; };
/* End PBXBuildFile section */

/* Begin PBXContainerItemProxy section */
		1F86E7C11977270A005ED0DD /* PBXContainerItemProxy */ = {
			isa = PBXContainerItemProxy;
			containerPortal = 1F86E7A619772709005ED0DD /* Project object */;
			proxyType = 1;
			remoteGlobalIDString = 1F86E7AD1977270A005ED0DD;
			remoteInfo = AViSSS;
		};
/* End PBXContainerItemProxy section */

/* Begin PBXFileReference section */
		1F1E789A1986B67400C8760B /* boy2_smile_baked.dae */ = {isa = PBXFileReference; fileEncoding = 4; lastKnownFileType = text.xml.dae; name = boy2_smile_baked.dae; path = ../../../Dropbox/boy2/boy2_smile_baked.dae; sourceTree = "<group>"; };
		1F1E789C1986CDA300C8760B /* boxTest.dae */ = {isa = PBXFileReference; fileEncoding = 4; lastKnownFileType = text.xml.dae; name = boxTest.dae; path = ../../../Dropbox/boy2/boxTest.dae; sourceTree = "<group>"; };
		1F1E789E1986FE4C00C8760B /* boy2_skinned.dae */ = {isa = PBXFileReference; fileEncoding = 4; lastKnownFileType = text.xml.dae; name = boy2_skinned.dae; path = ../../../Dropbox/boy2/boy2_skinned.dae; sourceTree = "<group>"; };
		1F47DD16198B267300AB8B53 /* floor.jpg */ = {isa = PBXFileReference; lastKnownFileType = image.jpeg; name = floor.jpg; path = ../../../Dropbox/SceneKitAnimations/SceneKitAnimations/Resources/floor.jpg; sourceTree = "<group>"; };
		1F60696519833093001F5081 /* boy2_run.dae */ = {isa = PBXFileReference; fileEncoding = 4; lastKnownFileType = text.xml.dae; name = boy2_run.dae; path = ../../../Dropbox/boy2/boy2_run.dae; sourceTree = "<group>"; };
		1F606967198330D4001F5081 /* idle.dae */ = {isa = PBXFileReference; fileEncoding = 4; lastKnownFileType = text.xml.dae; name = idle.dae; path = ../../../Dropbox/SceneKitAnimations/SceneKitAnimations/Resources/idle.dae; sourceTree = "<group>"; };
		1F60698D1986A8E0001F5081 /* boy2_all.dae */ = {isa = PBXFileReference; fileEncoding = 4; lastKnownFileType = text.xml.dae; name = boy2_all.dae; path = ../../../Dropbox/boy2/boy2_all.dae; sourceTree = "<group>"; };
		1F694ED41990713A00419606 /* lockerwall.png */ = {isa = PBXFileReference; lastKnownFileType = image.png; name = lockerwall.png; path = ../../../Dropbox/resources/lockerwall.png; sourceTree = "<group>"; };
		1F860AF4199E75270055CEEE /* morphExample.dae */ = {isa = PBXFileReference; fileEncoding = 4; lastKnownFileType = text.xml.dae; name = morphExample.dae; path = ../../../Dropbox/boy2/morphExample.dae; sourceTree = "<group>"; };
		1F86E7AE1977270A005ED0DD /* AViSSS.app */ = {isa = PBXFileReference; explicitFileType = wrapper.application; includeInIndex = 0; path = AViSSS.app; sourceTree = BUILT_PRODUCTS_DIR; };
		1F86E7B21977270A005ED0DD /* Info.plist */ = {isa = PBXFileReference; lastKnownFileType = text.plist.xml; path = Info.plist; sourceTree = "<group>"; };
		1F86E7B31977270A005ED0DD /* AppDelegate.swift */ = {isa = PBXFileReference; lastKnownFileType = sourcecode.swift; path = AppDelegate.swift; sourceTree = "<group>"; };
		1F86E7B51977270A005ED0DD /* GameViewController.swift */ = {isa = PBXFileReference; lastKnownFileType = sourcecode.swift; path = GameViewController.swift; sourceTree = "<group>"; };
		1F86E7B81977270A005ED0DD /* Base */ = {isa = PBXFileReference; lastKnownFileType = file.storyboard; name = Base; path = Base.lproj/Main.storyboard; sourceTree = "<group>"; };
		1F86E7BA1977270A005ED0DD /* Images.xcassets */ = {isa = PBXFileReference; lastKnownFileType = folder.assetcatalog; path = Images.xcassets; sourceTree = "<group>"; };
		1F86E7C01977270A005ED0DD /* AViSSSTests.xctest */ = {isa = PBXFileReference; explicitFileType = wrapper.cfbundle; includeInIndex = 0; path = AViSSSTests.xctest; sourceTree = BUILT_PRODUCTS_DIR; };
		1F86E7C51977270A005ED0DD /* Info.plist */ = {isa = PBXFileReference; lastKnownFileType = text.plist.xml; path = Info.plist; sourceTree = "<group>"; };
		1F86E7C61977270A005ED0DD /* AViSSSTests.swift */ = {isa = PBXFileReference; lastKnownFileType = sourcecode.swift; path = AViSSSTests.swift; sourceTree = "<group>"; };
		1F8F3460198C3FDC0000B26B /* CBoy0002.tif */ = {isa = PBXFileReference; lastKnownFileType = image.tiff; name = CBoy0002.tif; path = ../../../Dropbox/boy2/CBoy0002.tif; sourceTree = "<group>"; };
		1F8F3462198C42C60000B26B /* CBoy0002.tif.001.tif */ = {isa = PBXFileReference; lastKnownFileType = image.tiff; name = CBoy0002.tif.001.tif; path = ../../../Dropbox/boy2/CBoy0002.tif.001.tif; sourceTree = "<group>"; };
		1F8F3464198C55E30000B26B /* boy2_run_SA.dae */ = {isa = PBXFileReference; fileEncoding = 4; lastKnownFileType = text.xml.dae; name = boy2_run_SA.dae; path = ../../../Dropbox/boy2/boy2_run_SA.dae; sourceTree = "<group>"; };
		1FA57A8F199BE67900CE86AF /* foldingMap.dae */ = {isa = PBXFileReference; fileEncoding = 4; lastKnownFileType = text.xml.dae; name = foldingMap.dae; path = ../../../Dropbox/boy2/foldingMap.dae; sourceTree = "<group>"; };
		1FCF20E0197EB64800A2AB99 /* ScriptManager.swift */ = {isa = PBXFileReference; fileEncoding = 4; lastKnownFileType = sourcecode.swift; path = ScriptManager.swift; sourceTree = "<group>"; };
		1FCF20E2197EB67500A2AB99 /* ScenarioManager.swift */ = {isa = PBXFileReference; fileEncoding = 4; lastKnownFileType = sourcecode.swift; path = ScenarioManager.swift; sourceTree = "<group>"; };
		1FCF20E4197EB8C900A2AB99 /* StartScene.swift */ = {isa = PBXFileReference; fileEncoding = 4; lastKnownFileType = sourcecode.swift; path = StartScene.swift; sourceTree = "<group>"; };
		1FCF20E6197EC2D300A2AB99 /* GUIManager.swift */ = {isa = PBXFileReference; fileEncoding = 4; lastKnownFileType = sourcecode.swift; path = GUIManager.swift; sourceTree = "<group>"; };
		1FCF20ED19832DB300A2AB99 /* boy2_smile.dae */ = {isa = PBXFileReference; fileEncoding = 4; lastKnownFileType = text.xml.dae; name = boy2_smile.dae; path = ../../../Dropbox/boy2/boy2_smile.dae; sourceTree = "<group>"; };
/* End PBXFileReference section */

/* Begin PBXFrameworksBuildPhase section */
		1F86E7AB1977270A005ED0DD /* Frameworks */ = {
			isa = PBXFrameworksBuildPhase;
			buildActionMask = 2147483647;
			files = (
			);
			runOnlyForDeploymentPostprocessing = 0;
		};
		1F86E7BD1977270A005ED0DD /* Frameworks */ = {
			isa = PBXFrameworksBuildPhase;
			buildActionMask = 2147483647;
			files = (
			);
			runOnlyForDeploymentPostprocessing = 0;
		};
/* End PBXFrameworksBuildPhase section */

/* Begin PBXGroup section */
		1F86E7A519772709005ED0DD = {
			isa = PBXGroup;
			children = (
				1F86E7B01977270A005ED0DD /* AViSSS */,
				1F86E7C31977270A005ED0DD /* AViSSSTests */,
				1F86E7AF1977270A005ED0DD /* Products */,
			);
			sourceTree = "<group>";
		};
		1F86E7AF1977270A005ED0DD /* Products */ = {
			isa = PBXGroup;
			children = (
				1F86E7AE1977270A005ED0DD /* AViSSS.app */,
				1F86E7C01977270A005ED0DD /* AViSSSTests.xctest */,
			);
			name = Products;
			sourceTree = "<group>";
		};
		1F86E7B01977270A005ED0DD /* AViSSS */ = {
			isa = PBXGroup;
			children = (
				1F86E7B31977270A005ED0DD /* AppDelegate.swift */,
				1FCF20E819832CB400A2AB99 /* Resources */,
				1F86E7B51977270A005ED0DD /* GameViewController.swift */,
				1F86E7B71977270A005ED0DD /* Main.storyboard */,
				1F86E7BA1977270A005ED0DD /* Images.xcassets */,
				1F86E7B11977270A005ED0DD /* Supporting Files */,
				1FCF20E0197EB64800A2AB99 /* ScriptManager.swift */,
				1FCF20E2197EB67500A2AB99 /* ScenarioManager.swift */,
				1FCF20E4197EB8C900A2AB99 /* StartScene.swift */,
				1FCF20E6197EC2D300A2AB99 /* GUIManager.swift */,
			);
			path = AViSSS;
			sourceTree = "<group>";
		};
		1F86E7B11977270A005ED0DD /* Supporting Files */ = {
			isa = PBXGroup;
			children = (
				1F86E7B21977270A005ED0DD /* Info.plist */,
			);
			name = "Supporting Files";
			sourceTree = "<group>";
		};
		1F86E7C31977270A005ED0DD /* AViSSSTests */ = {
			isa = PBXGroup;
			children = (
				1F86E7C61977270A005ED0DD /* AViSSSTests.swift */,
				1F86E7C41977270A005ED0DD /* Supporting Files */,
			);
			path = AViSSSTests;
			sourceTree = "<group>";
		};
		1F86E7C41977270A005ED0DD /* Supporting Files */ = {
			isa = PBXGroup;
			children = (
				1F86E7C51977270A005ED0DD /* Info.plist */,
			);
			name = "Supporting Files";
			sourceTree = "<group>";
		};
		1FCF20E819832CB400A2AB99 /* Resources */ = {
			isa = PBXGroup;
			children = (
				1F47DD16198B267300AB8B53 /* floor.jpg */,
				1FCF20E919832CC500A2AB99 /* Models */,
			);
			name = Resources;
			sourceTree = "<group>";
		};
		1FCF20E919832CC500A2AB99 /* Models */ = {
			isa = PBXGroup;
			children = (
				1F606967198330D4001F5081 /* idle.dae */,
				1FCF20EA19832CD100A2AB99 /* Boy2 */,
			);
			name = Models;
			sourceTree = "<group>";
		};
		1FCF20EA19832CD100A2AB99 /* Boy2 */ = {
			isa = PBXGroup;
			children = (
				1F860AF4199E75270055CEEE /* morphExample.dae */,
				1FA57A8F199BE67900CE86AF /* foldingMap.dae */,
				1F694ED41990713A00419606 /* lockerwall.png */,
				1F8F3464198C55E30000B26B /* boy2_run_SA.dae */,
				1F8F3462198C42C60000B26B /* CBoy0002.tif.001.tif */,
				1F8F3460198C3FDC0000B26B /* CBoy0002.tif */,
				1F1E789E1986FE4C00C8760B /* boy2_skinned.dae */,
				1F1E789C1986CDA300C8760B /* boxTest.dae */,
				1F1E789A1986B67400C8760B /* boy2_smile_baked.dae */,
				1F60698D1986A8E0001F5081 /* boy2_all.dae */,
				1F60696519833093001F5081 /* boy2_run.dae */,
				1FCF20ED19832DB300A2AB99 /* boy2_smile.dae */,
			);
			name = Boy2;
			sourceTree = "<group>";
		};
/* End PBXGroup section */

/* Begin PBXNativeTarget section */
		1F86E7AD1977270A005ED0DD /* AViSSS */ = {
			isa = PBXNativeTarget;
			buildConfigurationList = 1F86E7CA1977270A005ED0DD /* Build configuration list for PBXNativeTarget "AViSSS" */;
			buildPhases = (
				1F86E7AA1977270A005ED0DD /* Sources */,
				1F86E7AB1977270A005ED0DD /* Frameworks */,
				1F86E7AC1977270A005ED0DD /* Resources */,
			);
			buildRules = (
			);
			dependencies = (
			);
			name = AViSSS;
			productName = AViSSS;
			productReference = 1F86E7AE1977270A005ED0DD /* AViSSS.app */;
			productType = "com.apple.product-type.application";
		};
		1F86E7BF1977270A005ED0DD /* AViSSSTests */ = {
			isa = PBXNativeTarget;
			buildConfigurationList = 1F86E7CD1977270A005ED0DD /* Build configuration list for PBXNativeTarget "AViSSSTests" */;
			buildPhases = (
				1F86E7BC1977270A005ED0DD /* Sources */,
				1F86E7BD1977270A005ED0DD /* Frameworks */,
				1F86E7BE1977270A005ED0DD /* Resources */,
			);
			buildRules = (
			);
			dependencies = (
				1F86E7C21977270A005ED0DD /* PBXTargetDependency */,
			);
			name = AViSSSTests;
			productName = AViSSSTests;
			productReference = 1F86E7C01977270A005ED0DD /* AViSSSTests.xctest */;
			productType = "com.apple.product-type.bundle.unit-test";
		};
/* End PBXNativeTarget section */

/* Begin PBXProject section */
		1F86E7A619772709005ED0DD /* Project object */ = {
			isa = PBXProject;
			attributes = {
				LastUpgradeCheck = 0600;
				ORGANIZATIONNAME = wirsing.app;
				TargetAttributes = {
					1F86E7AD1977270A005ED0DD = {
						CreatedOnToolsVersion = 6.0;
					};
					1F86E7BF1977270A005ED0DD = {
						CreatedOnToolsVersion = 6.0;
						TestTargetID = 1F86E7AD1977270A005ED0DD;
					};
				};
			};
			buildConfigurationList = 1F86E7A919772709005ED0DD /* Build configuration list for PBXProject "AViSSS" */;
			compatibilityVersion = "Xcode 3.2";
			developmentRegion = English;
			hasScannedForEncodings = 0;
			knownRegions = (
				en,
				Base,
			);
			mainGroup = 1F86E7A519772709005ED0DD;
			productRefGroup = 1F86E7AF1977270A005ED0DD /* Products */;
			projectDirPath = "";
			projectRoot = "";
			targets = (
				1F86E7AD1977270A005ED0DD /* AViSSS */,
				1F86E7BF1977270A005ED0DD /* AViSSSTests */,
			);
		};
/* End PBXProject section */

/* Begin PBXResourcesBuildPhase section */
		1F86E7AC1977270A005ED0DD /* Resources */ = {
			isa = PBXResourcesBuildPhase;
			buildActionMask = 2147483647;
			files = (
				1F1E789B1986B67400C8760B /* boy2_smile_baked.dae in Resources */,
				1F60696619833093001F5081 /* boy2_run.dae in Resources */,
				1F86E7B91977270A005ED0DD /* Main.storyboard in Resources */,
				1F60698E1986A8E0001F5081 /* boy2_all.dae in Resources */,
				1FA57A90199BE67900CE86AF /* foldingMap.dae in Resources */,
				1F8F3463198C42C60000B26B /* CBoy0002.tif.001.tif in Resources */,
				1F8F3465198C55E30000B26B /* boy2_run_SA.dae in Resources */,
				1F1E789D1986CDA300C8760B /* boxTest.dae in Resources */,
				1F694ED51990713A00419606 /* lockerwall.png in Resources */,
				1F1E789F1986FE4C00C8760B /* boy2_skinned.dae in Resources */,
				1F860AF5199E75270055CEEE /* morphExample.dae in Resources */,
				1F8F3461198C3FDC0000B26B /* CBoy0002.tif in Resources */,
				1F86E7BB1977270A005ED0DD /* Images.xcassets in Resources */,
				1FCF20EE19832DB300A2AB99 /* boy2_smile.dae in Resources */,
				1F47DD17198B267300AB8B53 /* floor.jpg in Resources */,
				1F606968198330D4001F5081 /* idle.dae in Resources */,
			);
			runOnlyForDeploymentPostprocessing = 0;
		};
		1F86E7BE1977270A005ED0DD /* Resources */ = {
			isa = PBXResourcesBuildPhase;
			buildActionMask = 2147483647;
			files = (
			);
			runOnlyForDeploymentPostprocessing = 0;
		};
/* End PBXResourcesBuildPhase section */

/* Begin PBXSourcesBuildPhase section */
		1F86E7AA1977270A005ED0DD /* Sources */ = {
			isa = PBXSourcesBuildPhase;
			buildActionMask = 2147483647;
			files = (
				1F86E7B61977270A005ED0DD /* GameViewController.swift in Sources */,
				1F86E7B41977270A005ED0DD /* AppDelegate.swift in Sources */,
				1FCF20E1197EB64800A2AB99 /* ScriptManager.swift in Sources */,
				1FCF20E7197EC2D300A2AB99 /* GUIManager.swift in Sources */,
				1FCF20E5197EB8C900A2AB99 /* StartScene.swift in Sources */,
				1FCF20E3197EB67500A2AB99 /* ScenarioManager.swift in Sources */,
			);
			runOnlyForDeploymentPostprocessing = 0;
		};
		1F86E7BC1977270A005ED0DD /* Sources */ = {
			isa = PBXSourcesBuildPhase;
			buildActionMask = 2147483647;
			files = (
				1F86E7C71977270A005ED0DD /* AViSSSTests.swift in Sources */,
			);
			runOnlyForDeploymentPostprocessing = 0;
		};
/* End PBXSourcesBuildPhase section */

/* Begin PBXTargetDependency section */
		1F86E7C21977270A005ED0DD /* PBXTargetDependency */ = {
			isa = PBXTargetDependency;
			target = 1F86E7AD1977270A005ED0DD /* AViSSS */;
			targetProxy = 1F86E7C11977270A005ED0DD /* PBXContainerItemProxy */;
		};
/* End PBXTargetDependency section */

/* Begin PBXVariantGroup section */
		1F86E7B71977270A005ED0DD /* Main.storyboard */ = {
			isa = PBXVariantGroup;
			children = (
				1F86E7B81977270A005ED0DD /* Base */,
			);
			name = Main.storyboard;
			sourceTree = "<group>";
		};
/* End PBXVariantGroup section */

/* Begin XCBuildConfiguration section */
		1F86E7C81977270A005ED0DD /* Debug */ = {
			isa = XCBuildConfiguration;
			buildSettings = {
				ALWAYS_SEARCH_USER_PATHS = NO;
				CLANG_CXX_LANGUAGE_STANDARD = "gnu++0x";
				CLANG_CXX_LIBRARY = "libc++";
				CLANG_ENABLE_MODULES = YES;
				CLANG_ENABLE_OBJC_ARC = YES;
				CLANG_WARN_BOOL_CONVERSION = YES;
				CLANG_WARN_CONSTANT_CONVERSION = YES;
				CLANG_WARN_DIRECT_OBJC_ISA_USAGE = YES_ERROR;
				CLANG_WARN_EMPTY_BODY = YES;
				CLANG_WARN_ENUM_CONVERSION = YES;
				CLANG_WARN_INT_CONVERSION = YES;
				CLANG_WARN_OBJC_ROOT_CLASS = YES_ERROR;
				CLANG_WARN_UNREACHABLE_CODE = YES;
				CLANG_WARN__DUPLICATE_METHOD_MATCH = YES;
				"CODE_SIGN_IDENTITY[sdk=iphoneos*]" = "iPhone Developer";
				COPY_PHASE_STRIP = NO;
				ENABLE_STRICT_OBJC_MSGSEND = YES;
				GCC_C_LANGUAGE_STANDARD = gnu99;
				GCC_DYNAMIC_NO_PIC = NO;
				GCC_OPTIMIZATION_LEVEL = 0;
				GCC_PREPROCESSOR_DEFINITIONS = (
					"DEBUG=1",
					"$(inherited)",
				);
				GCC_SYMBOLS_PRIVATE_EXTERN = NO;
				GCC_WARN_64_TO_32_BIT_CONVERSION = YES;
				GCC_WARN_ABOUT_RETURN_TYPE = YES_ERROR;
				GCC_WARN_UNDECLARED_SELECTOR = YES;
				GCC_WARN_UNINITIALIZED_AUTOS = YES_AGGRESSIVE;
				GCC_WARN_UNUSED_FUNCTION = YES;
				GCC_WARN_UNUSED_VARIABLE = YES;
				IPHONEOS_DEPLOYMENT_TARGET = 8.0;
				METAL_ENABLE_DEBUG_INFO = YES;
				ONLY_ACTIVE_ARCH = YES;
				SDKROOT = iphoneos;
				SWIFT_OPTIMIZATION_LEVEL = "-Onone";
				TARGETED_DEVICE_FAMILY = 2;
			};
			name = Debug;
		};
		1F86E7C91977270A005ED0DD /* Release */ = {
			isa = XCBuildConfiguration;
			buildSettings = {
				ALWAYS_SEARCH_USER_PATHS = NO;
				CLANG_CXX_LANGUAGE_STANDARD = "gnu++0x";
				CLANG_CXX_LIBRARY = "libc++";
				CLANG_ENABLE_MODULES = YES;
				CLANG_ENABLE_OBJC_ARC = YES;
				CLANG_WARN_BOOL_CONVERSION = YES;
				CLANG_WARN_CONSTANT_CONVERSION = YES;
				CLANG_WARN_DIRECT_OBJC_ISA_USAGE = YES_ERROR;
				CLANG_WARN_EMPTY_BODY = YES;
				CLANG_WARN_ENUM_CONVERSION = YES;
				CLANG_WARN_INT_CONVERSION = YES;
				CLANG_WARN_OBJC_ROOT_CLASS = YES_ERROR;
				CLANG_WARN_UNREACHABLE_CODE = YES;
				CLANG_WARN__DUPLICATE_METHOD_MATCH = YES;
				"CODE_SIGN_IDENTITY[sdk=iphoneos*]" = "iPhone Developer";
				COPY_PHASE_STRIP = YES;
				ENABLE_NS_ASSERTIONS = NO;
				ENABLE_STRICT_OBJC_MSGSEND = YES;
				GCC_C_LANGUAGE_STANDARD = gnu99;
				GCC_WARN_64_TO_32_BIT_CONVERSION = YES;
				GCC_WARN_ABOUT_RETURN_TYPE = YES_ERROR;
				GCC_WARN_UNDECLARED_SELECTOR = YES;
				GCC_WARN_UNINITIALIZED_AUTOS = YES_AGGRESSIVE;
				GCC_WARN_UNUSED_FUNCTION = YES;
				GCC_WARN_UNUSED_VARIABLE = YES;
				IPHONEOS_DEPLOYMENT_TARGET = 8.0;
				METAL_ENABLE_DEBUG_INFO = NO;
				SDKROOT = iphoneos;
				TARGETED_DEVICE_FAMILY = 2;
				VALIDATE_PRODUCT = YES;
			};
			name = Release;
		};
		1F86E7CB1977270A005ED0DD /* Debug */ = {
			isa = XCBuildConfiguration;
			buildSettings = {
				ASSETCATALOG_COMPILER_APPICON_NAME = AppIcon;
				ASSETCATALOG_COMPILER_LAUNCHIMAGE_NAME = LaunchImage;
				INFOPLIST_FILE = AViSSS/Info.plist;
				LD_RUNPATH_SEARCH_PATHS = "$(inherited) @executable_path/Frameworks";
				ONLY_ACTIVE_ARCH = YES;
				PRODUCT_NAME = "$(TARGET_NAME)";
			};
			name = Debug;
		};
		1F86E7CC1977270A005ED0DD /* Release */ = {
			isa = XCBuildConfiguration;
			buildSettings = {
				ASSETCATALOG_COMPILER_APPICON_NAME = AppIcon;
				ASSETCATALOG_COMPILER_LAUNCHIMAGE_NAME = LaunchImage;
				INFOPLIST_FILE = AViSSS/Info.plist;
				LD_RUNPATH_SEARCH_PATHS = "$(inherited) @executable_path/Frameworks";
				ONLY_ACTIVE_ARCH = YES;
				PRODUCT_NAME = "$(TARGET_NAME)";
			};
			name = Release;
		};
		1F86E7CE1977270A005ED0DD /* Debug */ = {
			isa = XCBuildConfiguration;
			buildSettings = {
				BUNDLE_LOADER = "$(BUILT_PRODUCTS_DIR)/AViSSS.app/AViSSS";
				FRAMEWORK_SEARCH_PATHS = (
					"$(SDKROOT)/Developer/Library/Frameworks",
					"$(inherited)",
				);
				GCC_PREPROCESSOR_DEFINITIONS = (
					"DEBUG=1",
					"$(inherited)",
				);
				INFOPLIST_FILE = AViSSSTests/Info.plist;
				LD_RUNPATH_SEARCH_PATHS = "$(inherited) @executable_path/Frameworks @loader_path/Frameworks";
				METAL_ENABLE_DEBUG_INFO = YES;
				PRODUCT_NAME = "$(TARGET_NAME)";
				TEST_HOST = "$(BUNDLE_LOADER)";
			};
			name = Debug;
		};
		1F86E7CF1977270A005ED0DD /* Release */ = {
			isa = XCBuildConfiguration;
			buildSettings = {
				BUNDLE_LOADER = "$(BUILT_PRODUCTS_DIR)/AViSSS.app/AViSSS";
				FRAMEWORK_SEARCH_PATHS = (
					"$(SDKROOT)/Developer/Library/Frameworks",
					"$(inherited)",
				);
				INFOPLIST_FILE = AViSSSTests/Info.plist;
				LD_RUNPATH_SEARCH_PATHS = "$(inherited) @executable_path/Frameworks @loader_path/Frameworks";
				METAL_ENABLE_DEBUG_INFO = NO;
				PRODUCT_NAME = "$(TARGET_NAME)";
				TEST_HOST = "$(BUNDLE_LOADER)";
			};
			name = Release;
		};
/* End XCBuildConfiguration section */

/* Begin XCConfigurationList section */
		1F86E7A919772709005ED0DD /* Build configuration list for PBXProject "AViSSS" */ = {
			isa = XCConfigurationList;
			buildConfigurations = (
				1F86E7C81977270A005ED0DD /* Debug */,
				1F86E7C91977270A005ED0DD /* Release */,
			);
			defaultConfigurationIsVisible = 0;
			defaultConfigurationName = Release;
		};
		1F86E7CA1977270A005ED0DD /* Build configuration list for PBXNativeTarget "AViSSS" */ = {
			isa = XCConfigurationList;
			buildConfigurations = (
				1F86E7CB1977270A005ED0DD /* Debug */,
				1F86E7CC1977270A005ED0DD /* Release */,
			);
			defaultConfigurationIsVisible = 0;
			defaultConfigurationName = Release;
		};
		1F86E7CD1977270A005ED0DD /* Build configuration list for PBXNativeTarget "AViSSSTests" */ = {
			isa = XCConfigurationList;
			buildConfigurations = (
				1F86E7CE1977270A005ED0DD /* Debug */,
				1F86E7CF1977270A005ED0DD /* Release */,
			);
			defaultConfigurationIsVisible = 0;
			defaultConfigurationName = Release;
		};
/* End XCConfigurationList section */
	};
	rootObject = 1F86E7A619772709005ED0DD /* Project object */;
}
