// !$*UTF8*$!
{
	archiveVersion = 1;
	classes = {
	};
	objectVersion = 46;
	objects = {

/* Begin PBXBuildFile section */
		1F01AFCA19C277C50082EB37 /* floor.jpg in Resources */ = {isa = PBXBuildFile; fileRef = 1F01AF4E19C277C50082EB37 /* floor.jpg */; };
		1F01AFCB19C277C50082EB37 /* ._.DS_Store in Resources */ = {isa = PBXBuildFile; fileRef = 1F01AF5119C277C50082EB37 /* ._.DS_Store */; };
		1F01AFCC19C277C50082EB37 /* ._.svn in Resources */ = {isa = PBXBuildFile; fileRef = 1F01AF5219C277C50082EB37 /* ._.svn */; };
		1F01AFCD19C277C50082EB37 /* ._CBoy0001.tif in Resources */ = {isa = PBXBuildFile; fileRef = 1F01AF5319C277C50082EB37 /* ._CBoy0001.tif */; };
		1F01AFCE19C277C50082EB37 /* ._CBoy0002.tif in Resources */ = {isa = PBXBuildFile; fileRef = 1F01AF5419C277C50082EB37 /* ._CBoy0002.tif */; };
		1F01AFCF19C277C50082EB37 /* ._CBoy0003.tif in Resources */ = {isa = PBXBuildFile; fileRef = 1F01AF5519C277C50082EB37 /* ._CBoy0003.tif */; };
		1F01AFD019C277C50082EB37 /* ._CBoy0004.tif in Resources */ = {isa = PBXBuildFile; fileRef = 1F01AF5619C277C50082EB37 /* ._CBoy0004.tif */; };
		1F01AFD119C277C50082EB37 /* ._CBoy0005.tif in Resources */ = {isa = PBXBuildFile; fileRef = 1F01AF5719C277C50082EB37 /* ._CBoy0005.tif */; };
		1F01AFD219C277C50082EB37 /* ._CGirl0001.tif in Resources */ = {isa = PBXBuildFile; fileRef = 1F01AF5819C277C50082EB37 /* ._CGirl0001.tif */; };
		1F01AFD319C277C50082EB37 /* ._CGirl0002.tif in Resources */ = {isa = PBXBuildFile; fileRef = 1F01AF5919C277C50082EB37 /* ._CGirl0002.tif */; };
		1F01AFD419C277C50082EB37 /* ._CGirl0003.tif in Resources */ = {isa = PBXBuildFile; fileRef = 1F01AF5A19C277C50082EB37 /* ._CGirl0003.tif */; };
		1F01AFD519C277C50082EB37 /* ._CWom0016.tif in Resources */ = {isa = PBXBuildFile; fileRef = 1F01AF5B19C277C50082EB37 /* ._CWom0016.tif */; };
		1F01AFD619C277C50082EB37 /* ._CWom0017.tif in Resources */ = {isa = PBXBuildFile; fileRef = 1F01AF5C19C277C50082EB37 /* ._CWom0017.tif */; };
		1F01AFD719C277C50082EB37 /* CBoy0001.tif in Resources */ = {isa = PBXBuildFile; fileRef = 1F01AF5D19C277C50082EB37 /* CBoy0001.tif */; };
		1F01AFD819C277C50082EB37 /* CBoy0002.tif in Resources */ = {isa = PBXBuildFile; fileRef = 1F01AF5E19C277C50082EB37 /* CBoy0002.tif */; };
		1F01AFD919C277C50082EB37 /* CBoy0003.tif in Resources */ = {isa = PBXBuildFile; fileRef = 1F01AF5F19C277C50082EB37 /* CBoy0003.tif */; };
		1F01AFDA19C277C50082EB37 /* CBoy0004.tif in Resources */ = {isa = PBXBuildFile; fileRef = 1F01AF6019C277C50082EB37 /* CBoy0004.tif */; };
		1F01AFDB19C277C50082EB37 /* CBoy0005.tif in Resources */ = {isa = PBXBuildFile; fileRef = 1F01AF6119C277C50082EB37 /* CBoy0005.tif */; };
		1F01AFDC19C277C50082EB37 /* CGirl0001.tif in Resources */ = {isa = PBXBuildFile; fileRef = 1F01AF6219C277C50082EB37 /* CGirl0001.tif */; };
		1F01AFDD19C277C50082EB37 /* CGirl0002.tif in Resources */ = {isa = PBXBuildFile; fileRef = 1F01AF6319C277C50082EB37 /* CGirl0002.tif */; };
		1F01AFDE19C277C50082EB37 /* CGirl0003.tif in Resources */ = {isa = PBXBuildFile; fileRef = 1F01AF6419C277C50082EB37 /* CGirl0003.tif */; };
		1F01AFDF19C277C50082EB37 /* CWom0016.tif in Resources */ = {isa = PBXBuildFile; fileRef = 1F01AF6519C277C50082EB37 /* CWom0016.tif */; };
		1F01AFE019C277C50082EB37 /* CWom0017.tif in Resources */ = {isa = PBXBuildFile; fileRef = 1F01AF6619C277C50082EB37 /* CWom0017.tif */; };
		1F01AFE119C277C50082EB37 /* ._.DS_Store in Resources */ = {isa = PBXBuildFile; fileRef = 1F01AF6819C277C50082EB37 /* ._.DS_Store */; };
		1F01AFE219C277C50082EB37 /* ._.svn in Resources */ = {isa = PBXBuildFile; fileRef = 1F01AF6919C277C50082EB37 /* ._.svn */; };
		1F01AFE319C277C50082EB37 /* ._CBoy0001.tif in Resources */ = {isa = PBXBuildFile; fileRef = 1F01AF6A19C277C50082EB37 /* ._CBoy0001.tif */; };
		1F01AFE419C277C50082EB37 /* ._CBoy0002.tif in Resources */ = {isa = PBXBuildFile; fileRef = 1F01AF6B19C277C50082EB37 /* ._CBoy0002.tif */; };
		1F01AFE519C277C50082EB37 /* ._CBoy0003.tif in Resources */ = {isa = PBXBuildFile; fileRef = 1F01AF6C19C277C50082EB37 /* ._CBoy0003.tif */; };
		1F01AFE619C277C50082EB37 /* ._CBoy0004.tif in Resources */ = {isa = PBXBuildFile; fileRef = 1F01AF6D19C277C50082EB37 /* ._CBoy0004.tif */; };
		1F01AFE719C277C50082EB37 /* ._CBoy0005.tif in Resources */ = {isa = PBXBuildFile; fileRef = 1F01AF6E19C277C50082EB37 /* ._CBoy0005.tif */; };
		1F01AFE819C277C50082EB37 /* ._CGirl0001.tif in Resources */ = {isa = PBXBuildFile; fileRef = 1F01AF6F19C277C50082EB37 /* ._CGirl0001.tif */; };
		1F01AFE919C277C50082EB37 /* ._CGirl0002.tif in Resources */ = {isa = PBXBuildFile; fileRef = 1F01AF7019C277C50082EB37 /* ._CGirl0002.tif */; };
		1F01AFEA19C277C50082EB37 /* ._CGirl0003.tif in Resources */ = {isa = PBXBuildFile; fileRef = 1F01AF7119C277C50082EB37 /* ._CGirl0003.tif */; };
		1F01AFEB19C277C50082EB37 /* ._CWom0016.tif in Resources */ = {isa = PBXBuildFile; fileRef = 1F01AF7219C277C50082EB37 /* ._CWom0016.tif */; };
		1F01AFEC19C277C50082EB37 /* ._CWom0017.tif in Resources */ = {isa = PBXBuildFile; fileRef = 1F01AF7319C277C50082EB37 /* ._CWom0017.tif */; };
		1F01AFED19C277C50082EB37 /* CBoy0001.tif in Resources */ = {isa = PBXBuildFile; fileRef = 1F01AF7419C277C50082EB37 /* CBoy0001.tif */; };
		1F01AFEE19C277C50082EB37 /* CBoy0002.tif in Resources */ = {isa = PBXBuildFile; fileRef = 1F01AF7519C277C50082EB37 /* CBoy0002.tif */; };
		1F01AFEF19C277C50082EB37 /* CBoy0003.tif in Resources */ = {isa = PBXBuildFile; fileRef = 1F01AF7619C277C50082EB37 /* CBoy0003.tif */; };
		1F01AFF019C277C50082EB37 /* CBoy0004.tif in Resources */ = {isa = PBXBuildFile; fileRef = 1F01AF7719C277C50082EB37 /* CBoy0004.tif */; };
		1F01AFF119C277C50082EB37 /* CBoy0005.tif in Resources */ = {isa = PBXBuildFile; fileRef = 1F01AF7819C277C50082EB37 /* CBoy0005.tif */; };
		1F01AFF219C277C50082EB37 /* CGirl0001.tif in Resources */ = {isa = PBXBuildFile; fileRef = 1F01AF7919C277C50082EB37 /* CGirl0001.tif */; };
		1F01AFF319C277C50082EB37 /* CGirl0002.tif in Resources */ = {isa = PBXBuildFile; fileRef = 1F01AF7A19C277C50082EB37 /* CGirl0002.tif */; };
		1F01AFF419C277C50082EB37 /* CGirl0003.tif in Resources */ = {isa = PBXBuildFile; fileRef = 1F01AF7B19C277C50082EB37 /* CGirl0003.tif */; };
		1F01AFF519C277C50082EB37 /* CWom0016.tif in Resources */ = {isa = PBXBuildFile; fileRef = 1F01AF7C19C277C50082EB37 /* CWom0016.tif */; };
		1F01AFF619C277C50082EB37 /* CWom0017.tif in Resources */ = {isa = PBXBuildFile; fileRef = 1F01AF7D19C277C50082EB37 /* CWom0017.tif */; };
		1F01AFF719C277C50082EB37 /* lockerwall.png in Resources */ = {isa = PBXBuildFile; fileRef = 1F01AF7E19C277C50082EB37 /* lockerwall.png */; };
		1F01AFF819C277C50082EB37 /* boy1_Character.blend in Resources */ = {isa = PBXBuildFile; fileRef = 1F01AF8119C277C50082EB37 /* boy1_Character.blend */; };
		1F01AFF919C277C50082EB37 /* boy1_Character.blend1 in Resources */ = {isa = PBXBuildFile; fileRef = 1F01AF8219C277C50082EB37 /* boy1_Character.blend1 */; };
		1F01AFFA19C277C50082EB37 /* boy1_Talk.blend in Resources */ = {isa = PBXBuildFile; fileRef = 1F01AF8319C277C50082EB37 /* boy1_Talk.blend */; };
		1F01AFFB19C277C50082EB37 /* boy2_Character.blend in Resources */ = {isa = PBXBuildFile; fileRef = 1F01AF8519C277C50082EB37 /* boy2_Character.blend */; };
		1F01AFFC19C277C50082EB37 /* boy2_Run.blend in Resources */ = {isa = PBXBuildFile; fileRef = 1F01AF8619C277C50082EB37 /* boy2_Run.blend */; };
		1F01AFFD19C277C50082EB37 /* boy3_Character.blend in Resources */ = {isa = PBXBuildFile; fileRef = 1F01AF8819C277C50082EB37 /* boy3_Character.blend */; };
		1F01AFFE19C277C50082EB37 /* boy3_Run.blend in Resources */ = {isa = PBXBuildFile; fileRef = 1F01AF8919C277C50082EB37 /* boy3_Run.blend */; };
		1F01AFFF19C277C50082EB37 /* boy4_2009_07_27_1327_Run.blend in Resources */ = {isa = PBXBuildFile; fileRef = 1F01AF8B19C277C50082EB37 /* boy4_2009_07_27_1327_Run.blend */; };
		1F01B00019C277C50082EB37 /* boy5_2009_09_10_2009.blend in Resources */ = {isa = PBXBuildFile; fileRef = 1F01AF8D19C277C50082EB37 /* boy5_2009_09_10_2009.blend */; };
		1F01B00119C277C50082EB37 /* girl1_2009_07_27blend.blend in Resources */ = {isa = PBXBuildFile; fileRef = 1F01AF8F19C277C50082EB37 /* girl1_2009_07_27blend.blend */; };
		1F01B00219C277C50082EB37 /* girl2_2009_07_27Run.blend in Resources */ = {isa = PBXBuildFile; fileRef = 1F01AF9119C277C50082EB37 /* girl2_2009_07_27Run.blend */; };
		1F01B00319C277C50082EB37 /* girl3_2009_09_11.blend in Resources */ = {isa = PBXBuildFile; fileRef = 1F01AF9319C277C50082EB37 /* girl3_2009_09_11.blend */; };
		1F01B00419C277C50082EB37 /* Man1.blend in Resources */ = {isa = PBXBuildFile; fileRef = 1F01AF9519C277C50082EB37 /* Man1.blend */; };
		1F01B00519C277C50082EB37 /* CBoy0001.tif in Resources */ = {isa = PBXBuildFile; fileRef = 1F01AF9719C277C50082EB37 /* CBoy0001.tif */; };
		1F01B00619C277C50082EB37 /* woman16_Character.blend in Resources */ = {isa = PBXBuildFile; fileRef = 1F01AF9919C277C50082EB37 /* woman16_Character.blend */; };
		1F01B00719C277C50082EB37 /* woman16_Run.blend in Resources */ = {isa = PBXBuildFile; fileRef = 1F01AF9A19C277C50082EB37 /* woman16_Run.blend */; };
		1F01B00819C277C50082EB37 /* woman17_2009_07_27.blend in Resources */ = {isa = PBXBuildFile; fileRef = 1F01AF9C19C277C50082EB37 /* woman17_2009_07_27.blend */; };
		1F01B00919C277C50082EB37 /* boy1_Character.dae in Resources */ = {isa = PBXBuildFile; fileRef = 1F01AF9F19C277C50082EB37 /* boy1_Character.dae */; };
		1F01B00A19C277C50082EB37 /* boy1_Talk.dae in Resources */ = {isa = PBXBuildFile; fileRef = 1F01AFA019C277C50082EB37 /* boy1_Talk.dae */; };
		1F01B00B19C277C50082EB37 /* CBoy0001.tif in Resources */ = {isa = PBXBuildFile; fileRef = 1F01AFA119C277C50082EB37 /* CBoy0001.tif */; };
		1F01B00C19C277C50082EB37 /* CBoy0002.tif in Resources */ = {isa = PBXBuildFile; fileRef = 1F01AFA319C277C50082EB37 /* CBoy0002.tif */; };
		1F01B00D19C277C50082EB37 /* CWom0016.tif in Resources */ = {isa = PBXBuildFile; fileRef = 1F01AFA619C277C50082EB37 /* CWom0016.tif */; };
		1F01B00E19C277C50082EB37 /* woman16.dae in Resources */ = {isa = PBXBuildFile; fileRef = 1F01AFA719C277C50082EB37 /* woman16.dae */; };
		1F01B00F19C277C50082EB37 /* woman16_Run.dae in Resources */ = {isa = PBXBuildFile; fileRef = 1F01AFA819C277C50082EB37 /* woman16_Run.dae */; };
		1F01B01019C277C50082EB37 /* CWom0016.tif.001.tif in Resources */ = {isa = PBXBuildFile; fileRef = 1F01AFAA19C277C50082EB37 /* CWom0016.tif.001.tif */; };
		1F01B01119C277C50082EB37 /* woman16.dae in Resources */ = {isa = PBXBuildFile; fileRef = 1F01AFAB19C277C50082EB37 /* woman16.dae */; };
		1F01B01219C277C50082EB37 /* woman16.dae-e in Resources */ = {isa = PBXBuildFile; fileRef = 1F01AFAC19C277C50082EB37 /* woman16.dae-e */; };
		1F01B01319C277C50082EB37 /* woman16_2.dae in Resources */ = {isa = PBXBuildFile; fileRef = 1F01AFAD19C277C50082EB37 /* woman16_2.dae */; };
		1F86E7B41977270A005ED0DD /* AppDelegate.swift in Sources */ = {isa = PBXBuildFile; fileRef = 1F86E7B31977270A005ED0DD /* AppDelegate.swift */; };
		1F86E7B61977270A005ED0DD /* GameViewController.swift in Sources */ = {isa = PBXBuildFile; fileRef = 1F86E7B51977270A005ED0DD /* GameViewController.swift */; };
		1F86E7B91977270A005ED0DD /* Main.storyboard in Resources */ = {isa = PBXBuildFile; fileRef = 1F86E7B71977270A005ED0DD /* Main.storyboard */; };
		1F86E7BB1977270A005ED0DD /* Images.xcassets in Resources */ = {isa = PBXBuildFile; fileRef = 1F86E7BA1977270A005ED0DD /* Images.xcassets */; };
		1F86E7C71977270A005ED0DD /* AViSSSTests.swift in Sources */ = {isa = PBXBuildFile; fileRef = 1F86E7C61977270A005ED0DD /* AViSSSTests.swift */; };
		1FCF20E1197EB64800A2AB99 /* ScriptManager.swift in Sources */ = {isa = PBXBuildFile; fileRef = 1FCF20E0197EB64800A2AB99 /* ScriptManager.swift */; };
		1FCF20E3197EB67500A2AB99 /* ScenarioManager.swift in Sources */ = {isa = PBXBuildFile; fileRef = 1FCF20E2197EB67500A2AB99 /* ScenarioManager.swift */; };
		1FCF20E5197EB8C900A2AB99 /* StartScene.swift in Sources */ = {isa = PBXBuildFile; fileRef = 1FCF20E4197EB8C900A2AB99 /* StartScene.swift */; };
		1FCF20E7197EC2D300A2AB99 /* GUIManager.swift in Sources */ = {isa = PBXBuildFile; fileRef = 1FCF20E6197EC2D300A2AB99 /* GUIManager.swift */; };
/* End PBXBuildFile section */

/* Begin PBXContainerItemProxy section */
		1F86E7C11977270A005ED0DD /* PBXContainerItemProxy */ = {
			isa = PBXContainerItemProxy;
			containerPortal = 1F86E7A619772709005ED0DD /* Project object */;
			proxyType = 1;
			remoteGlobalIDString = 1F86E7AD1977270A005ED0DD;
			remoteInfo = AViSSS;
		};
/* End PBXContainerItemProxy section */

/* Begin PBXFileReference section */
		1F01AF4E19C277C50082EB37 /* floor.jpg */ = {isa = PBXFileReference; lastKnownFileType = image.jpeg; path = floor.jpg; sourceTree = "<group>"; };
		1F01AF5119C277C50082EB37 /* ._.DS_Store */ = {isa = PBXFileReference; lastKnownFileType = file; path = ._.DS_Store; sourceTree = "<group>"; };
		1F01AF5219C277C50082EB37 /* ._.svn */ = {isa = PBXFileReference; lastKnownFileType = file; path = ._.svn; sourceTree = "<group>"; };
		1F01AF5319C277C50082EB37 /* ._CBoy0001.tif */ = {isa = PBXFileReference; lastKnownFileType = image.tiff; path = ._CBoy0001.tif; sourceTree = "<group>"; };
		1F01AF5419C277C50082EB37 /* ._CBoy0002.tif */ = {isa = PBXFileReference; lastKnownFileType = image.tiff; path = ._CBoy0002.tif; sourceTree = "<group>"; };
		1F01AF5519C277C50082EB37 /* ._CBoy0003.tif */ = {isa = PBXFileReference; lastKnownFileType = image.tiff; path = ._CBoy0003.tif; sourceTree = "<group>"; };
		1F01AF5619C277C50082EB37 /* ._CBoy0004.tif */ = {isa = PBXFileReference; lastKnownFileType = image.tiff; path = ._CBoy0004.tif; sourceTree = "<group>"; };
		1F01AF5719C277C50082EB37 /* ._CBoy0005.tif */ = {isa = PBXFileReference; lastKnownFileType = image.tiff; path = ._CBoy0005.tif; sourceTree = "<group>"; };
		1F01AF5819C277C50082EB37 /* ._CGirl0001.tif */ = {isa = PBXFileReference; lastKnownFileType = image.tiff; path = ._CGirl0001.tif; sourceTree = "<group>"; };
		1F01AF5919C277C50082EB37 /* ._CGirl0002.tif */ = {isa = PBXFileReference; lastKnownFileType = image.tiff; path = ._CGirl0002.tif; sourceTree = "<group>"; };
		1F01AF5A19C277C50082EB37 /* ._CGirl0003.tif */ = {isa = PBXFileReference; lastKnownFileType = image.tiff; path = ._CGirl0003.tif; sourceTree = "<group>"; };
		1F01AF5B19C277C50082EB37 /* ._CWom0016.tif */ = {isa = PBXFileReference; lastKnownFileType = image.tiff; path = ._CWom0016.tif; sourceTree = "<group>"; };
		1F01AF5C19C277C50082EB37 /* ._CWom0017.tif */ = {isa = PBXFileReference; lastKnownFileType = image.tiff; path = ._CWom0017.tif; sourceTree = "<group>"; };
		1F01AF5D19C277C50082EB37 /* CBoy0001.tif */ = {isa = PBXFileReference; lastKnownFileType = image.tiff; path = CBoy0001.tif; sourceTree = "<group>"; };
		1F01AF5E19C277C50082EB37 /* CBoy0002.tif */ = {isa = PBXFileReference; lastKnownFileType = image.tiff; path = CBoy0002.tif; sourceTree = "<group>"; };
		1F01AF5F19C277C50082EB37 /* CBoy0003.tif */ = {isa = PBXFileReference; lastKnownFileType = image.tiff; path = CBoy0003.tif; sourceTree = "<group>"; };
		1F01AF6019C277C50082EB37 /* CBoy0004.tif */ = {isa = PBXFileReference; lastKnownFileType = image.tiff; path = CBoy0004.tif; sourceTree = "<group>"; };
		1F01AF6119C277C50082EB37 /* CBoy0005.tif */ = {isa = PBXFileReference; lastKnownFileType = image.tiff; path = CBoy0005.tif; sourceTree = "<group>"; };
		1F01AF6219C277C50082EB37 /* CGirl0001.tif */ = {isa = PBXFileReference; lastKnownFileType = image.tiff; path = CGirl0001.tif; sourceTree = "<group>"; };
		1F01AF6319C277C50082EB37 /* CGirl0002.tif */ = {isa = PBXFileReference; lastKnownFileType = image.tiff; path = CGirl0002.tif; sourceTree = "<group>"; };
		1F01AF6419C277C50082EB37 /* CGirl0003.tif */ = {isa = PBXFileReference; lastKnownFileType = image.tiff; path = CGirl0003.tif; sourceTree = "<group>"; };
		1F01AF6519C277C50082EB37 /* CWom0016.tif */ = {isa = PBXFileReference; lastKnownFileType = image.tiff; path = CWom0016.tif; sourceTree = "<group>"; };
		1F01AF6619C277C50082EB37 /* CWom0017.tif */ = {isa = PBXFileReference; lastKnownFileType = image.tiff; path = CWom0017.tif; sourceTree = "<group>"; };
		1F01AF6819C277C50082EB37 /* ._.DS_Store */ = {isa = PBXFileReference; lastKnownFileType = file; path = ._.DS_Store; sourceTree = "<group>"; };
		1F01AF6919C277C50082EB37 /* ._.svn */ = {isa = PBXFileReference; lastKnownFileType = file; path = ._.svn; sourceTree = "<group>"; };
		1F01AF6A19C277C50082EB37 /* ._CBoy0001.tif */ = {isa = PBXFileReference; lastKnownFileType = image.tiff; path = ._CBoy0001.tif; sourceTree = "<group>"; };
		1F01AF6B19C277C50082EB37 /* ._CBoy0002.tif */ = {isa = PBXFileReference; lastKnownFileType = image.tiff; path = ._CBoy0002.tif; sourceTree = "<group>"; };
		1F01AF6C19C277C50082EB37 /* ._CBoy0003.tif */ = {isa = PBXFileReference; lastKnownFileType = image.tiff; path = ._CBoy0003.tif; sourceTree = "<group>"; };
		1F01AF6D19C277C50082EB37 /* ._CBoy0004.tif */ = {isa = PBXFileReference; lastKnownFileType = image.tiff; path = ._CBoy0004.tif; sourceTree = "<group>"; };
		1F01AF6E19C277C50082EB37 /* ._CBoy0005.tif */ = {isa = PBXFileReference; lastKnownFileType = image.tiff; path = ._CBoy0005.tif; sourceTree = "<group>"; };
		1F01AF6F19C277C50082EB37 /* ._CGirl0001.tif */ = {isa = PBXFileReference; lastKnownFileType = image.tiff; path = ._CGirl0001.tif; sourceTree = "<group>"; };
		1F01AF7019C277C50082EB37 /* ._CGirl0002.tif */ = {isa = PBXFileReference; lastKnownFileType = image.tiff; path = ._CGirl0002.tif; sourceTree = "<group>"; };
		1F01AF7119C277C50082EB37 /* ._CGirl0003.tif */ = {isa = PBXFileReference; lastKnownFileType = image.tiff; path = ._CGirl0003.tif; sourceTree = "<group>"; };
		1F01AF7219C277C50082EB37 /* ._CWom0016.tif */ = {isa = PBXFileReference; lastKnownFileType = image.tiff; path = ._CWom0016.tif; sourceTree = "<group>"; };
		1F01AF7319C277C50082EB37 /* ._CWom0017.tif */ = {isa = PBXFileReference; lastKnownFileType = image.tiff; path = ._CWom0017.tif; sourceTree = "<group>"; };
		1F01AF7419C277C50082EB37 /* CBoy0001.tif */ = {isa = PBXFileReference; lastKnownFileType = image.tiff; path = CBoy0001.tif; sourceTree = "<group>"; };
		1F01AF7519C277C50082EB37 /* CBoy0002.tif */ = {isa = PBXFileReference; lastKnownFileType = image.tiff; path = CBoy0002.tif; sourceTree = "<group>"; };
		1F01AF7619C277C50082EB37 /* CBoy0003.tif */ = {isa = PBXFileReference; lastKnownFileType = image.tiff; path = CBoy0003.tif; sourceTree = "<group>"; };
		1F01AF7719C277C50082EB37 /* CBoy0004.tif */ = {isa = PBXFileReference; lastKnownFileType = image.tiff; path = CBoy0004.tif; sourceTree = "<group>"; };
		1F01AF7819C277C50082EB37 /* CBoy0005.tif */ = {isa = PBXFileReference; lastKnownFileType = image.tiff; path = CBoy0005.tif; sourceTree = "<group>"; };
		1F01AF7919C277C50082EB37 /* CGirl0001.tif */ = {isa = PBXFileReference; lastKnownFileType = image.tiff; path = CGirl0001.tif; sourceTree = "<group>"; };
		1F01AF7A19C277C50082EB37 /* CGirl0002.tif */ = {isa = PBXFileReference; lastKnownFileType = image.tiff; path = CGirl0002.tif; sourceTree = "<group>"; };
		1F01AF7B19C277C50082EB37 /* CGirl0003.tif */ = {isa = PBXFileReference; lastKnownFileType = image.tiff; path = CGirl0003.tif; sourceTree = "<group>"; };
		1F01AF7C19C277C50082EB37 /* CWom0016.tif */ = {isa = PBXFileReference; lastKnownFileType = image.tiff; path = CWom0016.tif; sourceTree = "<group>"; };
		1F01AF7D19C277C50082EB37 /* CWom0017.tif */ = {isa = PBXFileReference; lastKnownFileType = image.tiff; path = CWom0017.tif; sourceTree = "<group>"; };
		1F01AF7E19C277C50082EB37 /* lockerwall.png */ = {isa = PBXFileReference; lastKnownFileType = image.png; path = lockerwall.png; sourceTree = "<group>"; };
		1F01AF8119C277C50082EB37 /* boy1_Character.blend */ = {isa = PBXFileReference; lastKnownFileType = file; path = boy1_Character.blend; sourceTree = "<group>"; };
		1F01AF8219C277C50082EB37 /* boy1_Character.blend1 */ = {isa = PBXFileReference; lastKnownFileType = file; path = boy1_Character.blend1; sourceTree = "<group>"; };
		1F01AF8319C277C50082EB37 /* boy1_Talk.blend */ = {isa = PBXFileReference; lastKnownFileType = file; path = boy1_Talk.blend; sourceTree = "<group>"; };
		1F01AF8519C277C50082EB37 /* boy2_Character.blend */ = {isa = PBXFileReference; lastKnownFileType = file; path = boy2_Character.blend; sourceTree = "<group>"; };
		1F01AF8619C277C50082EB37 /* boy2_Run.blend */ = {isa = PBXFileReference; lastKnownFileType = file; path = boy2_Run.blend; sourceTree = "<group>"; };
		1F01AF8819C277C50082EB37 /* boy3_Character.blend */ = {isa = PBXFileReference; lastKnownFileType = file; path = boy3_Character.blend; sourceTree = "<group>"; };
		1F01AF8919C277C50082EB37 /* boy3_Run.blend */ = {isa = PBXFileReference; lastKnownFileType = file; path = boy3_Run.blend; sourceTree = "<group>"; };
		1F01AF8B19C277C50082EB37 /* boy4_2009_07_27_1327_Run.blend */ = {isa = PBXFileReference; lastKnownFileType = file; path = boy4_2009_07_27_1327_Run.blend; sourceTree = "<group>"; };
		1F01AF8D19C277C50082EB37 /* boy5_2009_09_10_2009.blend */ = {isa = PBXFileReference; lastKnownFileType = file; path = boy5_2009_09_10_2009.blend; sourceTree = "<group>"; };
		1F01AF8F19C277C50082EB37 /* girl1_2009_07_27blend.blend */ = {isa = PBXFileReference; lastKnownFileType = file; path = girl1_2009_07_27blend.blend; sourceTree = "<group>"; };
		1F01AF9119C277C50082EB37 /* girl2_2009_07_27Run.blend */ = {isa = PBXFileReference; lastKnownFileType = file; path = girl2_2009_07_27Run.blend; sourceTree = "<group>"; };
		1F01AF9319C277C50082EB37 /* girl3_2009_09_11.blend */ = {isa = PBXFileReference; lastKnownFileType = file; path = girl3_2009_09_11.blend; sourceTree = "<group>"; };
		1F01AF9519C277C50082EB37 /* Man1.blend */ = {isa = PBXFileReference; lastKnownFileType = file; path = Man1.blend; sourceTree = "<group>"; };
		1F01AF9719C277C50082EB37 /* CBoy0001.tif */ = {isa = PBXFileReference; lastKnownFileType = image.tiff; path = CBoy0001.tif; sourceTree = "<group>"; };
		1F01AF9919C277C50082EB37 /* woman16_Character.blend */ = {isa = PBXFileReference; lastKnownFileType = file; path = woman16_Character.blend; sourceTree = "<group>"; };
		1F01AF9A19C277C50082EB37 /* woman16_Run.blend */ = {isa = PBXFileReference; lastKnownFileType = file; path = woman16_Run.blend; sourceTree = "<group>"; };
		1F01AF9C19C277C50082EB37 /* woman17_2009_07_27.blend */ = {isa = PBXFileReference; lastKnownFileType = file; path = woman17_2009_07_27.blend; sourceTree = "<group>"; };
		1F01AF9F19C277C50082EB37 /* boy1_Character.dae */ = {isa = PBXFileReference; fileEncoding = 4; lastKnownFileType = text.xml.dae; path = boy1_Character.dae; sourceTree = "<group>"; };
		1F01AFA019C277C50082EB37 /* boy1_Talk.dae */ = {isa = PBXFileReference; fileEncoding = 4; lastKnownFileType = text.xml.dae; path = boy1_Talk.dae; sourceTree = "<group>"; };
		1F01AFA119C277C50082EB37 /* CBoy0001.tif */ = {isa = PBXFileReference; lastKnownFileType = image.tiff; path = CBoy0001.tif; sourceTree = "<group>"; };
		1F01AFA319C277C50082EB37 /* CBoy0002.tif */ = {isa = PBXFileReference; lastKnownFileType = image.tiff; path = CBoy0002.tif; sourceTree = "<group>"; };
		1F01AFA619C277C50082EB37 /* CWom0016.tif */ = {isa = PBXFileReference; lastKnownFileType = image.tiff; path = CWom0016.tif; sourceTree = "<group>"; };
		1F01AFA719C277C50082EB37 /* woman16.dae */ = {isa = PBXFileReference; fileEncoding = 4; lastKnownFileType = text.xml.dae; path = woman16.dae; sourceTree = "<group>"; };
		1F01AFA819C277C50082EB37 /* woman16_Run.dae */ = {isa = PBXFileReference; fileEncoding = 4; lastKnownFileType = text.xml.dae; path = woman16_Run.dae; sourceTree = "<group>"; };
		1F01AFAA19C277C50082EB37 /* CWom0016.tif.001.tif */ = {isa = PBXFileReference; lastKnownFileType = image.tiff; path = CWom0016.tif.001.tif; sourceTree = "<group>"; };
		1F01AFAB19C277C50082EB37 /* woman16.dae */ = {isa = PBXFileReference; fileEncoding = 4; lastKnownFileType = text.xml.dae; path = woman16.dae; sourceTree = "<group>"; };
		1F01AFAC19C277C50082EB37 /* woman16.dae-e */ = {isa = PBXFileReference; fileEncoding = 4; lastKnownFileType = text.xml; path = "woman16.dae-e"; sourceTree = "<group>"; };
		1F01AFAD19C277C50082EB37 /* woman16_2.dae */ = {isa = PBXFileReference; fileEncoding = 4; lastKnownFileType = text.xml.dae; path = woman16_2.dae; sourceTree = "<group>"; };
		1F86E7AE1977270A005ED0DD /* AViSSS.app */ = {isa = PBXFileReference; explicitFileType = wrapper.application; includeInIndex = 0; path = AViSSS.app; sourceTree = BUILT_PRODUCTS_DIR; };
		1F86E7B21977270A005ED0DD /* Info.plist */ = {isa = PBXFileReference; lastKnownFileType = text.plist.xml; path = Info.plist; sourceTree = "<group>"; };
		1F86E7B31977270A005ED0DD /* AppDelegate.swift */ = {isa = PBXFileReference; lastKnownFileType = sourcecode.swift; path = AppDelegate.swift; sourceTree = "<group>"; };
		1F86E7B51977270A005ED0DD /* GameViewController.swift */ = {isa = PBXFileReference; lastKnownFileType = sourcecode.swift; path = GameViewController.swift; sourceTree = "<group>"; };
		1F86E7B81977270A005ED0DD /* Base */ = {isa = PBXFileReference; lastKnownFileType = file.storyboard; name = Base; path = Base.lproj/Main.storyboard; sourceTree = "<group>"; };
		1F86E7BA1977270A005ED0DD /* Images.xcassets */ = {isa = PBXFileReference; lastKnownFileType = folder.assetcatalog; path = Images.xcassets; sourceTree = "<group>"; };
		1F86E7C01977270A005ED0DD /* AViSSSTests.xctest */ = {isa = PBXFileReference; explicitFileType = wrapper.cfbundle; includeInIndex = 0; path = AViSSSTests.xctest; sourceTree = BUILT_PRODUCTS_DIR; };
		1F86E7C51977270A005ED0DD /* Info.plist */ = {isa = PBXFileReference; lastKnownFileType = text.plist.xml; path = Info.plist; sourceTree = "<group>"; };
		1F86E7C61977270A005ED0DD /* AViSSSTests.swift */ = {isa = PBXFileReference; lastKnownFileType = sourcecode.swift; path = AViSSSTests.swift; sourceTree = "<group>"; };
		1FCF20E0197EB64800A2AB99 /* ScriptManager.swift */ = {isa = PBXFileReference; fileEncoding = 4; lastKnownFileType = sourcecode.swift; path = ScriptManager.swift; sourceTree = "<group>"; };
		1FCF20E2197EB67500A2AB99 /* ScenarioManager.swift */ = {isa = PBXFileReference; fileEncoding = 4; lastKnownFileType = sourcecode.swift; path = ScenarioManager.swift; sourceTree = "<group>"; };
		1FCF20E4197EB8C900A2AB99 /* StartScene.swift */ = {isa = PBXFileReference; fileEncoding = 4; lastKnownFileType = sourcecode.swift; path = StartScene.swift; sourceTree = "<group>"; };
		1FCF20E6197EC2D300A2AB99 /* GUIManager.swift */ = {isa = PBXFileReference; fileEncoding = 4; lastKnownFileType = sourcecode.swift; path = GUIManager.swift; sourceTree = "<group>"; };
/* End PBXFileReference section */

/* Begin PBXFrameworksBuildPhase section */
		1F86E7AB1977270A005ED0DD /* Frameworks */ = {
			isa = PBXFrameworksBuildPhase;
			buildActionMask = 2147483647;
			files = (
			);
			runOnlyForDeploymentPostprocessing = 0;
		};
		1F86E7BD1977270A005ED0DD /* Frameworks */ = {
			isa = PBXFrameworksBuildPhase;
			buildActionMask = 2147483647;
			files = (
			);
			runOnlyForDeploymentPostprocessing = 0;
		};
/* End PBXFrameworksBuildPhase section */

/* Begin PBXGroup section */
		1F01AF3019C277C50082EB37 /* AViSSS */ = {
			isa = PBXGroup;
			children = (
				1F01AF4E19C277C50082EB37 /* floor.jpg */,
				1F01AF4F19C277C50082EB37 /* Images */,
				1F01AF7E19C277C50082EB37 /* lockerwall.png */,
				1F01AF7F19C277C50082EB37 /* Model_Blender */,
				1F01AF9D19C277C50082EB37 /* Model_DAE */,
				1F01AFA919C277C50082EB37 /* woman16 */,
			);
			name = AViSSS;
			path = ../../../Dropbox/AViSSS;
			sourceTree = "<group>";
		};
		1F01AF4F19C277C50082EB37 /* Images */ = {
			isa = PBXGroup;
			children = (
				1F01AF5019C277C50082EB37 /* images-Hi */,
				1F01AF6719C277C50082EB37 /* images-Low */,
			);
			path = Images;
			sourceTree = "<group>";
		};
		1F01AF5019C277C50082EB37 /* images-Hi */ = {
			isa = PBXGroup;
			children = (
				1F01AF5119C277C50082EB37 /* ._.DS_Store */,
				1F01AF5219C277C50082EB37 /* ._.svn */,
				1F01AF5319C277C50082EB37 /* ._CBoy0001.tif */,
				1F01AF5419C277C50082EB37 /* ._CBoy0002.tif */,
				1F01AF5519C277C50082EB37 /* ._CBoy0003.tif */,
				1F01AF5619C277C50082EB37 /* ._CBoy0004.tif */,
				1F01AF5719C277C50082EB37 /* ._CBoy0005.tif */,
				1F01AF5819C277C50082EB37 /* ._CGirl0001.tif */,
				1F01AF5919C277C50082EB37 /* ._CGirl0002.tif */,
				1F01AF5A19C277C50082EB37 /* ._CGirl0003.tif */,
				1F01AF5B19C277C50082EB37 /* ._CWom0016.tif */,
				1F01AF5C19C277C50082EB37 /* ._CWom0017.tif */,
				1F01AF5D19C277C50082EB37 /* CBoy0001.tif */,
				1F01AF5E19C277C50082EB37 /* CBoy0002.tif */,
				1F01AF5F19C277C50082EB37 /* CBoy0003.tif */,
				1F01AF6019C277C50082EB37 /* CBoy0004.tif */,
				1F01AF6119C277C50082EB37 /* CBoy0005.tif */,
				1F01AF6219C277C50082EB37 /* CGirl0001.tif */,
				1F01AF6319C277C50082EB37 /* CGirl0002.tif */,
				1F01AF6419C277C50082EB37 /* CGirl0003.tif */,
				1F01AF6519C277C50082EB37 /* CWom0016.tif */,
				1F01AF6619C277C50082EB37 /* CWom0017.tif */,
			);
			path = "images-Hi";
			sourceTree = "<group>";
		};
		1F01AF6719C277C50082EB37 /* images-Low */ = {
			isa = PBXGroup;
			children = (
				1F01AF6819C277C50082EB37 /* ._.DS_Store */,
				1F01AF6919C277C50082EB37 /* ._.svn */,
				1F01AF6A19C277C50082EB37 /* ._CBoy0001.tif */,
				1F01AF6B19C277C50082EB37 /* ._CBoy0002.tif */,
				1F01AF6C19C277C50082EB37 /* ._CBoy0003.tif */,
				1F01AF6D19C277C50082EB37 /* ._CBoy0004.tif */,
				1F01AF6E19C277C50082EB37 /* ._CBoy0005.tif */,
				1F01AF6F19C277C50082EB37 /* ._CGirl0001.tif */,
				1F01AF7019C277C50082EB37 /* ._CGirl0002.tif */,
				1F01AF7119C277C50082EB37 /* ._CGirl0003.tif */,
				1F01AF7219C277C50082EB37 /* ._CWom0016.tif */,
				1F01AF7319C277C50082EB37 /* ._CWom0017.tif */,
				1F01AF7419C277C50082EB37 /* CBoy0001.tif */,
				1F01AF7519C277C50082EB37 /* CBoy0002.tif */,
				1F01AF7619C277C50082EB37 /* CBoy0003.tif */,
				1F01AF7719C277C50082EB37 /* CBoy0004.tif */,
				1F01AF7819C277C50082EB37 /* CBoy0005.tif */,
				1F01AF7919C277C50082EB37 /* CGirl0001.tif */,
				1F01AF7A19C277C50082EB37 /* CGirl0002.tif */,
				1F01AF7B19C277C50082EB37 /* CGirl0003.tif */,
				1F01AF7C19C277C50082EB37 /* CWom0016.tif */,
				1F01AF7D19C277C50082EB37 /* CWom0017.tif */,
			);
			path = "images-Low";
			sourceTree = "<group>";
		};
		1F01AF7F19C277C50082EB37 /* Model_Blender */ = {
			isa = PBXGroup;
			children = (
				1F01AF8019C277C50082EB37 /* boy1 */,
				1F01AF8419C277C50082EB37 /* boy2 */,
				1F01AF8719C277C50082EB37 /* boy3 */,
				1F01AF8A19C277C50082EB37 /* boy4 */,
				1F01AF8C19C277C50082EB37 /* boy5 */,
				1F01AF8E19C277C50082EB37 /* girl1 */,
				1F01AF9019C277C50082EB37 /* girl2 */,
				1F01AF9219C277C50082EB37 /* girl3 */,
				1F01AF9419C277C50082EB37 /* man1 */,
				1F01AF9619C277C50082EB37 /* textures */,
				1F01AF9819C277C50082EB37 /* woman16 */,
				1F01AF9B19C277C50082EB37 /* woman17 */,
			);
			path = Model_Blender;
			sourceTree = "<group>";
		};
		1F01AF8019C277C50082EB37 /* boy1 */ = {
			isa = PBXGroup;
			children = (
				1F01AF8119C277C50082EB37 /* boy1_Character.blend */,
				1F01AF8219C277C50082EB37 /* boy1_Character.blend1 */,
				1F01AF8319C277C50082EB37 /* boy1_Talk.blend */,
			);
			path = boy1;
			sourceTree = "<group>";
		};
		1F01AF8419C277C50082EB37 /* boy2 */ = {
			isa = PBXGroup;
			children = (
				1F01AF8519C277C50082EB37 /* boy2_Character.blend */,
				1F01AF8619C277C50082EB37 /* boy2_Run.blend */,
			);
			path = boy2;
			sourceTree = "<group>";
		};
		1F01AF8719C277C50082EB37 /* boy3 */ = {
			isa = PBXGroup;
			children = (
				1F01AF8819C277C50082EB37 /* boy3_Character.blend */,
				1F01AF8919C277C50082EB37 /* boy3_Run.blend */,
			);
			path = boy3;
			sourceTree = "<group>";
		};
		1F01AF8A19C277C50082EB37 /* boy4 */ = {
			isa = PBXGroup;
			children = (
				1F01AF8B19C277C50082EB37 /* boy4_2009_07_27_1327_Run.blend */,
			);
			path = boy4;
			sourceTree = "<group>";
		};
		1F01AF8C19C277C50082EB37 /* boy5 */ = {
			isa = PBXGroup;
			children = (
				1F01AF8D19C277C50082EB37 /* boy5_2009_09_10_2009.blend */,
			);
			path = boy5;
			sourceTree = "<group>";
		};
		1F01AF8E19C277C50082EB37 /* girl1 */ = {
			isa = PBXGroup;
			children = (
				1F01AF8F19C277C50082EB37 /* girl1_2009_07_27blend.blend */,
			);
			path = girl1;
			sourceTree = "<group>";
		};
		1F01AF9019C277C50082EB37 /* girl2 */ = {
			isa = PBXGroup;
			children = (
				1F01AF9119C277C50082EB37 /* girl2_2009_07_27Run.blend */,
			);
			path = girl2;
			sourceTree = "<group>";
		};
		1F01AF9219C277C50082EB37 /* girl3 */ = {
			isa = PBXGroup;
			children = (
				1F01AF9319C277C50082EB37 /* girl3_2009_09_11.blend */,
			);
			path = girl3;
			sourceTree = "<group>";
		};
		1F01AF9419C277C50082EB37 /* man1 */ = {
			isa = PBXGroup;
			children = (
				1F01AF9519C277C50082EB37 /* Man1.blend */,
			);
			path = man1;
			sourceTree = "<group>";
		};
		1F01AF9619C277C50082EB37 /* textures */ = {
			isa = PBXGroup;
			children = (
				1F01AF9719C277C50082EB37 /* CBoy0001.tif */,
			);
			path = textures;
			sourceTree = "<group>";
		};
		1F01AF9819C277C50082EB37 /* woman16 */ = {
			isa = PBXGroup;
			children = (
				1F01AF9919C277C50082EB37 /* woman16_Character.blend */,
				1F01AF9A19C277C50082EB37 /* woman16_Run.blend */,
			);
			path = woman16;
			sourceTree = "<group>";
		};
		1F01AF9B19C277C50082EB37 /* woman17 */ = {
			isa = PBXGroup;
			children = (
				1F01AF9C19C277C50082EB37 /* woman17_2009_07_27.blend */,
			);
			path = woman17;
			sourceTree = "<group>";
		};
		1F01AF9D19C277C50082EB37 /* Model_DAE */ = {
			isa = PBXGroup;
			children = (
				1F01AF9E19C277C50082EB37 /* boy1 */,
				1F01AFA219C277C50082EB37 /* boy2 */,
				1F01AFA419C277C50082EB37 /* boy3 */,
				1F01AFA519C277C50082EB37 /* woman16 */,
			);
			path = Model_DAE;
			sourceTree = "<group>";
		};
		1F01AF9E19C277C50082EB37 /* boy1 */ = {
			isa = PBXGroup;
			children = (
				1F01AF9F19C277C50082EB37 /* boy1_Character.dae */,
				1F01AFA019C277C50082EB37 /* boy1_Talk.dae */,
				1F01AFA119C277C50082EB37 /* CBoy0001.tif */,
			);
			path = boy1;
			sourceTree = "<group>";
		};
		1F01AFA219C277C50082EB37 /* boy2 */ = {
			isa = PBXGroup;
			children = (
				1F01AFA319C277C50082EB37 /* CBoy0002.tif */,
			);
			path = boy2;
			sourceTree = "<group>";
		};
		1F01AFA419C277C50082EB37 /* boy3 */ = {
			isa = PBXGroup;
			children = (
			);
			path = boy3;
			sourceTree = "<group>";
		};
		1F01AFA519C277C50082EB37 /* woman16 */ = {
			isa = PBXGroup;
			children = (
				1F01AFA619C277C50082EB37 /* CWom0016.tif */,
				1F01AFA719C277C50082EB37 /* woman16.dae */,
				1F01AFA819C277C50082EB37 /* woman16_Run.dae */,
			);
			path = woman16;
			sourceTree = "<group>";
		};
		1F01AFA919C277C50082EB37 /* woman16 */ = {
			isa = PBXGroup;
			children = (
				1F01AFAA19C277C50082EB37 /* CWom0016.tif.001.tif */,
				1F01AFAB19C277C50082EB37 /* woman16.dae */,
				1F01AFAC19C277C50082EB37 /* woman16.dae-e */,
				1F01AFAD19C277C50082EB37 /* woman16_2.dae */,
			);
			path = woman16;
			sourceTree = "<group>";
		};
		1F86E7A519772709005ED0DD = {
			isa = PBXGroup;
			children = (
				1F86E7B01977270A005ED0DD /* AViSSS */,
				1F86E7C31977270A005ED0DD /* AViSSSTests */,
				1F86E7AF1977270A005ED0DD /* Products */,
			);
			sourceTree = "<group>";
		};
		1F86E7AF1977270A005ED0DD /* Products */ = {
			isa = PBXGroup;
			children = (
				1F86E7AE1977270A005ED0DD /* AViSSS.app */,
				1F86E7C01977270A005ED0DD /* AViSSSTests.xctest */,
			);
			name = Products;
			sourceTree = "<group>";
		};
		1F86E7B01977270A005ED0DD /* AViSSS */ = {
			isa = PBXGroup;
			children = (
				1F86E7B31977270A005ED0DD /* AppDelegate.swift */,
				1FCF20E819832CB400A2AB99 /* Resources */,
				1F86E7B51977270A005ED0DD /* GameViewController.swift */,
				1F86E7B71977270A005ED0DD /* Main.storyboard */,
				1F86E7BA1977270A005ED0DD /* Images.xcassets */,
				1F86E7B11977270A005ED0DD /* Supporting Files */,
				1FCF20E0197EB64800A2AB99 /* ScriptManager.swift */,
				1FCF20E2197EB67500A2AB99 /* ScenarioManager.swift */,
				1FCF20E4197EB8C900A2AB99 /* StartScene.swift */,
				1FCF20E6197EC2D300A2AB99 /* GUIManager.swift */,
			);
			path = AViSSS;
			sourceTree = "<group>";
		};
		1F86E7B11977270A005ED0DD /* Supporting Files */ = {
			isa = PBXGroup;
			children = (
				1F86E7B21977270A005ED0DD /* Info.plist */,
			);
			name = "Supporting Files";
			sourceTree = "<group>";
		};
		1F86E7C31977270A005ED0DD /* AViSSSTests */ = {
			isa = PBXGroup;
			children = (
				1F86E7C61977270A005ED0DD /* AViSSSTests.swift */,
				1F86E7C41977270A005ED0DD /* Supporting Files */,
			);
			path = AViSSSTests;
			sourceTree = "<group>";
		};
		1F86E7C41977270A005ED0DD /* Supporting Files */ = {
			isa = PBXGroup;
			children = (
				1F86E7C51977270A005ED0DD /* Info.plist */,
			);
			name = "Supporting Files";
			sourceTree = "<group>";
		};
		1FCF20E819832CB400A2AB99 /* Resources */ = {
			isa = PBXGroup;
			children = (
				1F01AF3019C277C50082EB37 /* AViSSS */,
			);
			name = Resources;
			sourceTree = "<group>";
		};
/* End PBXGroup section */

/* Begin PBXNativeTarget section */
		1F86E7AD1977270A005ED0DD /* AViSSS */ = {
			isa = PBXNativeTarget;
			buildConfigurationList = 1F86E7CA1977270A005ED0DD /* Build configuration list for PBXNativeTarget "AViSSS" */;
			buildPhases = (
				1F86E7AA1977270A005ED0DD /* Sources */,
				1F86E7AB1977270A005ED0DD /* Frameworks */,
				1F86E7AC1977270A005ED0DD /* Resources */,
			);
			buildRules = (
			);
			dependencies = (
			);
			name = AViSSS;
			productName = AViSSS;
			productReference = 1F86E7AE1977270A005ED0DD /* AViSSS.app */;
			productType = "com.apple.product-type.application";
		};
		1F86E7BF1977270A005ED0DD /* AViSSSTests */ = {
			isa = PBXNativeTarget;
			buildConfigurationList = 1F86E7CD1977270A005ED0DD /* Build configuration list for PBXNativeTarget "AViSSSTests" */;
			buildPhases = (
				1F86E7BC1977270A005ED0DD /* Sources */,
				1F86E7BD1977270A005ED0DD /* Frameworks */,
				1F86E7BE1977270A005ED0DD /* Resources */,
			);
			buildRules = (
			);
			dependencies = (
				1F86E7C21977270A005ED0DD /* PBXTargetDependency */,
			);
			name = AViSSSTests;
			productName = AViSSSTests;
			productReference = 1F86E7C01977270A005ED0DD /* AViSSSTests.xctest */;
			productType = "com.apple.product-type.bundle.unit-test";
		};
/* End PBXNativeTarget section */

/* Begin PBXProject section */
		1F86E7A619772709005ED0DD /* Project object */ = {
			isa = PBXProject;
			attributes = {
				LastUpgradeCheck = 0600;
				ORGANIZATIONNAME = wirsing.app;
				TargetAttributes = {
					1F86E7AD1977270A005ED0DD = {
						CreatedOnToolsVersion = 6.0;
					};
					1F86E7BF1977270A005ED0DD = {
						CreatedOnToolsVersion = 6.0;
						TestTargetID = 1F86E7AD1977270A005ED0DD;
					};
				};
			};
			buildConfigurationList = 1F86E7A919772709005ED0DD /* Build configuration list for PBXProject "AViSSS" */;
			compatibilityVersion = "Xcode 3.2";
			developmentRegion = English;
			hasScannedForEncodings = 0;
			knownRegions = (
				en,
				Base,
			);
			mainGroup = 1F86E7A519772709005ED0DD;
			productRefGroup = 1F86E7AF1977270A005ED0DD /* Products */;
			projectDirPath = "";
			projectRoot = "";
			targets = (
				1F86E7AD1977270A005ED0DD /* AViSSS */,
				1F86E7BF1977270A005ED0DD /* AViSSSTests */,
			);
		};
/* End PBXProject section */

/* Begin PBXResourcesBuildPhase section */
		1F86E7AC1977270A005ED0DD /* Resources */ = {
			isa = PBXResourcesBuildPhase;
			buildActionMask = 2147483647;
			files = (
				1F01B00E19C277C50082EB37 /* woman16.dae in Resources */,
				1F01AFF019C277C50082EB37 /* CBoy0004.tif in Resources */,
				1F01B00919C277C50082EB37 /* boy1_Character.dae in Resources */,
				1F01B00D19C277C50082EB37 /* CWom0016.tif in Resources */,
				1F01AFEC19C277C50082EB37 /* ._CWom0017.tif in Resources */,
				1F01AFFE19C277C50082EB37 /* boy3_Run.blend in Resources */,
				1F01AFD219C277C50082EB37 /* ._CGirl0001.tif in Resources */,
				1F01AFF419C277C50082EB37 /* CGirl0003.tif in Resources */,
				1F01AFE819C277C50082EB37 /* ._CGirl0001.tif in Resources */,
				1F01AFF219C277C50082EB37 /* CGirl0001.tif in Resources */,
				1F01AFD819C277C50082EB37 /* CBoy0002.tif in Resources */,
				1F01B00819C277C50082EB37 /* woman17_2009_07_27.blend in Resources */,
				1F01AFD919C277C50082EB37 /* CBoy0003.tif in Resources */,
				1F01AFEB19C277C50082EB37 /* ._CWom0016.tif in Resources */,
				1F01AFF919C277C50082EB37 /* boy1_Character.blend1 in Resources */,
				1F01AFFC19C277C50082EB37 /* boy2_Run.blend in Resources */,
				1F01B00119C277C50082EB37 /* girl1_2009_07_27blend.blend in Resources */,
				1F01B01319C277C50082EB37 /* woman16_2.dae in Resources */,
				1F86E7B91977270A005ED0DD /* Main.storyboard in Resources */,
				1F01B00A19C277C50082EB37 /* boy1_Talk.dae in Resources */,
				1F01AFCB19C277C50082EB37 /* ._.DS_Store in Resources */,
				1F01AFE919C277C50082EB37 /* ._CGirl0002.tif in Resources */,
				1F01B00419C277C50082EB37 /* Man1.blend in Resources */,
				1F01AFD719C277C50082EB37 /* CBoy0001.tif in Resources */,
				1F01AFE519C277C50082EB37 /* ._CBoy0003.tif in Resources */,
				1F01B00F19C277C50082EB37 /* woman16_Run.dae in Resources */,
				1F01AFD119C277C50082EB37 /* ._CBoy0005.tif in Resources */,
				1F01AFE119C277C50082EB37 /* ._.DS_Store in Resources */,
				1F01AFD519C277C50082EB37 /* ._CWom0016.tif in Resources */,
				1F01AFCD19C277C50082EB37 /* ._CBoy0001.tif in Resources */,
				1F01AFE219C277C50082EB37 /* ._.svn in Resources */,
				1F01AFEA19C277C50082EB37 /* ._CGirl0003.tif in Resources */,
				1F01AFE619C277C50082EB37 /* ._CBoy0004.tif in Resources */,
				1F01AFD419C277C50082EB37 /* ._CGirl0003.tif in Resources */,
				1F01AFDE19C277C50082EB37 /* CGirl0003.tif in Resources */,
				1F01B00B19C277C50082EB37 /* CBoy0001.tif in Resources */,
				1F01B00219C277C50082EB37 /* girl2_2009_07_27Run.blend in Resources */,
				1F01B00719C277C50082EB37 /* woman16_Run.blend in Resources */,
				1F01AFF819C277C50082EB37 /* boy1_Character.blend in Resources */,
				1F01B00C19C277C50082EB37 /* CBoy0002.tif in Resources */,
				1F01AFE719C277C50082EB37 /* ._CBoy0005.tif in Resources */,
				1F01B00319C277C50082EB37 /* girl3_2009_09_11.blend in Resources */,
				1F01AFDC19C277C50082EB37 /* CGirl0001.tif in Resources */,
				1F01B00519C277C50082EB37 /* CBoy0001.tif in Resources */,
				1F01AFE019C277C50082EB37 /* CWom0017.tif in Resources */,
				1F01AFCF19C277C50082EB37 /* ._CBoy0003.tif in Resources */,
				1F01AFFB19C277C50082EB37 /* boy2_Character.blend in Resources */,
				1F01AFF619C277C50082EB37 /* CWom0017.tif in Resources */,
				1F01AFFD19C277C50082EB37 /* boy3_Character.blend in Resources */,
				1F01AFE319C277C50082EB37 /* ._CBoy0001.tif in Resources */,
				1F01AFD319C277C50082EB37 /* ._CGirl0002.tif in Resources */,
				1F01AFE419C277C50082EB37 /* ._CBoy0002.tif in Resources */,
				1F01AFEF19C277C50082EB37 /* CBoy0003.tif in Resources */,
				1F01AFCA19C277C50082EB37 /* floor.jpg in Resources */,
				1F01AFDB19C277C50082EB37 /* CBoy0005.tif in Resources */,
				1F01AFF119C277C50082EB37 /* CBoy0005.tif in Resources */,
				1F01AFFA19C277C50082EB37 /* boy1_Talk.blend in Resources */,
				1F01AFDF19C277C50082EB37 /* CWom0016.tif in Resources */,
				1F01AFFF19C277C50082EB37 /* boy4_2009_07_27_1327_Run.blend in Resources */,
				1F01AFDD19C277C50082EB37 /* CGirl0002.tif in Resources */,
				1F01B01219C277C50082EB37 /* woman16.dae-e in Resources */,
				1F01B01019C277C50082EB37 /* CWom0016.tif.001.tif in Resources */,
				1F86E7BB1977270A005ED0DD /* Images.xcassets in Resources */,
				1F01AFEE19C277C50082EB37 /* CBoy0002.tif in Resources */,
				1F01B01119C277C50082EB37 /* woman16.dae in Resources */,
				1F01AFDA19C277C50082EB37 /* CBoy0004.tif in Resources */,
				1F01AFED19C277C50082EB37 /* CBoy0001.tif in Resources */,
				1F01AFF719C277C50082EB37 /* lockerwall.png in Resources */,
				1F01AFD619C277C50082EB37 /* ._CWom0017.tif in Resources */,
				1F01AFF319C277C50082EB37 /* CGirl0002.tif in Resources */,
				1F01AFD019C277C50082EB37 /* ._CBoy0004.tif in Resources */,
				1F01AFCE19C277C50082EB37 /* ._CBoy0002.tif in Resources */,
				1F01AFF519C277C50082EB37 /* CWom0016.tif in Resources */,
				1F01AFCC19C277C50082EB37 /* ._.svn in Resources */,
				1F01B00019C277C50082EB37 /* boy5_2009_09_10_2009.blend in Resources */,
				1F01B00619C277C50082EB37 /* woman16_Character.blend in Resources */,
			);
			runOnlyForDeploymentPostprocessing = 0;
		};
		1F86E7BE1977270A005ED0DD /* Resources */ = {
			isa = PBXResourcesBuildPhase;
			buildActionMask = 2147483647;
			files = (
			);
			runOnlyForDeploymentPostprocessing = 0;
		};
/* End PBXResourcesBuildPhase section */

/* Begin PBXSourcesBuildPhase section */
		1F86E7AA1977270A005ED0DD /* Sources */ = {
			isa = PBXSourcesBuildPhase;
			buildActionMask = 2147483647;
			files = (
				1F86E7B61977270A005ED0DD /* GameViewController.swift in Sources */,
				1F86E7B41977270A005ED0DD /* AppDelegate.swift in Sources */,
				1FCF20E1197EB64800A2AB99 /* ScriptManager.swift in Sources */,
				1FCF20E7197EC2D300A2AB99 /* GUIManager.swift in Sources */,
				1FCF20E5197EB8C900A2AB99 /* StartScene.swift in Sources */,
				1FCF20E3197EB67500A2AB99 /* ScenarioManager.swift in Sources */,
			);
			runOnlyForDeploymentPostprocessing = 0;
		};
		1F86E7BC1977270A005ED0DD /* Sources */ = {
			isa = PBXSourcesBuildPhase;
			buildActionMask = 2147483647;
			files = (
				1F86E7C71977270A005ED0DD /* AViSSSTests.swift in Sources */,
			);
			runOnlyForDeploymentPostprocessing = 0;
		};
/* End PBXSourcesBuildPhase section */

/* Begin PBXTargetDependency section */
		1F86E7C21977270A005ED0DD /* PBXTargetDependency */ = {
			isa = PBXTargetDependency;
			target = 1F86E7AD1977270A005ED0DD /* AViSSS */;
			targetProxy = 1F86E7C11977270A005ED0DD /* PBXContainerItemProxy */;
		};
/* End PBXTargetDependency section */

/* Begin PBXVariantGroup section */
		1F86E7B71977270A005ED0DD /* Main.storyboard */ = {
			isa = PBXVariantGroup;
			children = (
				1F86E7B81977270A005ED0DD /* Base */,
			);
			name = Main.storyboard;
			sourceTree = "<group>";
		};
/* End PBXVariantGroup section */

/* Begin XCBuildConfiguration section */
		1F86E7C81977270A005ED0DD /* Debug */ = {
			isa = XCBuildConfiguration;
			buildSettings = {
				ALWAYS_SEARCH_USER_PATHS = NO;
				CLANG_CXX_LANGUAGE_STANDARD = "gnu++0x";
				CLANG_CXX_LIBRARY = "libc++";
				CLANG_ENABLE_MODULES = YES;
				CLANG_ENABLE_OBJC_ARC = YES;
				CLANG_WARN_BOOL_CONVERSION = YES;
				CLANG_WARN_CONSTANT_CONVERSION = YES;
				CLANG_WARN_DIRECT_OBJC_ISA_USAGE = YES_ERROR;
				CLANG_WARN_EMPTY_BODY = YES;
				CLANG_WARN_ENUM_CONVERSION = YES;
				CLANG_WARN_INT_CONVERSION = YES;
				CLANG_WARN_OBJC_ROOT_CLASS = YES_ERROR;
				CLANG_WARN_UNREACHABLE_CODE = YES;
				CLANG_WARN__DUPLICATE_METHOD_MATCH = YES;
				"CODE_SIGN_IDENTITY[sdk=iphoneos*]" = "iPhone Developer";
				COPY_PHASE_STRIP = NO;
				ENABLE_STRICT_OBJC_MSGSEND = YES;
				GCC_C_LANGUAGE_STANDARD = gnu99;
				GCC_DYNAMIC_NO_PIC = NO;
				GCC_OPTIMIZATION_LEVEL = 0;
				GCC_PREPROCESSOR_DEFINITIONS = (
					"DEBUG=1",
					"$(inherited)",
				);
				GCC_SYMBOLS_PRIVATE_EXTERN = NO;
				GCC_WARN_64_TO_32_BIT_CONVERSION = YES;
				GCC_WARN_ABOUT_RETURN_TYPE = YES_ERROR;
				GCC_WARN_UNDECLARED_SELECTOR = YES;
				GCC_WARN_UNINITIALIZED_AUTOS = YES_AGGRESSIVE;
				GCC_WARN_UNUSED_FUNCTION = YES;
				GCC_WARN_UNUSED_VARIABLE = YES;
				IPHONEOS_DEPLOYMENT_TARGET = 8.0;
				METAL_ENABLE_DEBUG_INFO = YES;
				ONLY_ACTIVE_ARCH = YES;
				SDKROOT = iphoneos;
				SWIFT_OPTIMIZATION_LEVEL = "-Onone";
				TARGETED_DEVICE_FAMILY = 2;
			};
			name = Debug;
		};
		1F86E7C91977270A005ED0DD /* Release */ = {
			isa = XCBuildConfiguration;
			buildSettings = {
				ALWAYS_SEARCH_USER_PATHS = NO;
				CLANG_CXX_LANGUAGE_STANDARD = "gnu++0x";
				CLANG_CXX_LIBRARY = "libc++";
				CLANG_ENABLE_MODULES = YES;
				CLANG_ENABLE_OBJC_ARC = YES;
				CLANG_WARN_BOOL_CONVERSION = YES;
				CLANG_WARN_CONSTANT_CONVERSION = YES;
				CLANG_WARN_DIRECT_OBJC_ISA_USAGE = YES_ERROR;
				CLANG_WARN_EMPTY_BODY = YES;
				CLANG_WARN_ENUM_CONVERSION = YES;
				CLANG_WARN_INT_CONVERSION = YES;
				CLANG_WARN_OBJC_ROOT_CLASS = YES_ERROR;
				CLANG_WARN_UNREACHABLE_CODE = YES;
				CLANG_WARN__DUPLICATE_METHOD_MATCH = YES;
				"CODE_SIGN_IDENTITY[sdk=iphoneos*]" = "iPhone Developer";
				COPY_PHASE_STRIP = YES;
				ENABLE_NS_ASSERTIONS = NO;
				ENABLE_STRICT_OBJC_MSGSEND = YES;
				GCC_C_LANGUAGE_STANDARD = gnu99;
				GCC_WARN_64_TO_32_BIT_CONVERSION = YES;
				GCC_WARN_ABOUT_RETURN_TYPE = YES_ERROR;
				GCC_WARN_UNDECLARED_SELECTOR = YES;
				GCC_WARN_UNINITIALIZED_AUTOS = YES_AGGRESSIVE;
				GCC_WARN_UNUSED_FUNCTION = YES;
				GCC_WARN_UNUSED_VARIABLE = YES;
				IPHONEOS_DEPLOYMENT_TARGET = 8.0;
				METAL_ENABLE_DEBUG_INFO = NO;
				SDKROOT = iphoneos;
				TARGETED_DEVICE_FAMILY = 2;
				VALIDATE_PRODUCT = YES;
			};
			name = Release;
		};
		1F86E7CB1977270A005ED0DD /* Debug */ = {
			isa = XCBuildConfiguration;
			buildSettings = {
				ASSETCATALOG_COMPILER_APPICON_NAME = AppIcon;
				ASSETCATALOG_COMPILER_LAUNCHIMAGE_NAME = LaunchImage;
				INFOPLIST_FILE = AViSSS/Info.plist;
				LD_RUNPATH_SEARCH_PATHS = "$(inherited) @executable_path/Frameworks";
				ONLY_ACTIVE_ARCH = NO;
				PRODUCT_NAME = "$(TARGET_NAME)";
			};
			name = Debug;
		};
		1F86E7CC1977270A005ED0DD /* Release */ = {
			isa = XCBuildConfiguration;
			buildSettings = {
				ASSETCATALOG_COMPILER_APPICON_NAME = AppIcon;
				ASSETCATALOG_COMPILER_LAUNCHIMAGE_NAME = LaunchImage;
				INFOPLIST_FILE = AViSSS/Info.plist;
				LD_RUNPATH_SEARCH_PATHS = "$(inherited) @executable_path/Frameworks";
				ONLY_ACTIVE_ARCH = NO;
				PRODUCT_NAME = "$(TARGET_NAME)";
			};
			name = Release;
		};
		1F86E7CE1977270A005ED0DD /* Debug */ = {
			isa = XCBuildConfiguration;
			buildSettings = {
				BUNDLE_LOADER = "$(BUILT_PRODUCTS_DIR)/AViSSS.app/AViSSS";
				FRAMEWORK_SEARCH_PATHS = (
					"$(SDKROOT)/Developer/Library/Frameworks",
					"$(inherited)",
				);
				GCC_PREPROCESSOR_DEFINITIONS = (
					"DEBUG=1",
					"$(inherited)",
				);
				INFOPLIST_FILE = AViSSSTests/Info.plist;
				LD_RUNPATH_SEARCH_PATHS = "$(inherited) @executable_path/Frameworks @loader_path/Frameworks";
				METAL_ENABLE_DEBUG_INFO = YES;
				PRODUCT_NAME = "$(TARGET_NAME)";
				TEST_HOST = "$(BUNDLE_LOADER)";
			};
			name = Debug;
		};
		1F86E7CF1977270A005ED0DD /* Release */ = {
			isa = XCBuildConfiguration;
			buildSettings = {
				BUNDLE_LOADER = "$(BUILT_PRODUCTS_DIR)/AViSSS.app/AViSSS";
				FRAMEWORK_SEARCH_PATHS = (
					"$(SDKROOT)/Developer/Library/Frameworks",
					"$(inherited)",
				);
				INFOPLIST_FILE = AViSSSTests/Info.plist;
				LD_RUNPATH_SEARCH_PATHS = "$(inherited) @executable_path/Frameworks @loader_path/Frameworks";
				METAL_ENABLE_DEBUG_INFO = NO;
				PRODUCT_NAME = "$(TARGET_NAME)";
				TEST_HOST = "$(BUNDLE_LOADER)";
			};
			name = Release;
		};
/* End XCBuildConfiguration section */

/* Begin XCConfigurationList section */
		1F86E7A919772709005ED0DD /* Build configuration list for PBXProject "AViSSS" */ = {
			isa = XCConfigurationList;
			buildConfigurations = (
				1F86E7C81977270A005ED0DD /* Debug */,
				1F86E7C91977270A005ED0DD /* Release */,
			);
			defaultConfigurationIsVisible = 0;
			defaultConfigurationName = Release;
		};
		1F86E7CA1977270A005ED0DD /* Build configuration list for PBXNativeTarget "AViSSS" */ = {
			isa = XCConfigurationList;
			buildConfigurations = (
				1F86E7CB1977270A005ED0DD /* Debug */,
				1F86E7CC1977270A005ED0DD /* Release */,
			);
			defaultConfigurationIsVisible = 0;
			defaultConfigurationName = Release;
		};
		1F86E7CD1977270A005ED0DD /* Build configuration list for PBXNativeTarget "AViSSSTests" */ = {
			isa = XCConfigurationList;
			buildConfigurations = (
				1F86E7CE1977270A005ED0DD /* Debug */,
				1F86E7CF1977270A005ED0DD /* Release */,
			);
			defaultConfigurationIsVisible = 0;
			defaultConfigurationName = Release;
		};
/* End XCConfigurationList section */
	};
	rootObject = 1F86E7A619772709005ED0DD /* Project object */;
}
